// !$*UTF8*$!
{
	archiveVersion = 1;
	classes = {
	};
	objectVersion = 46;
	objects = {

/* Begin PBXBuildFile section */
		82080F30172D0CEE008ABC58 /* InfoPlist.strings in Resources */ = {isa = PBXBuildFile; fileRef = 82080F2E172D0CEE008ABC58 /* InfoPlist.strings */; };
		82080F32172D0CEE008ABC58 /* main.m in Sources */ = {isa = PBXBuildFile; fileRef = 82080F31172D0CEE008ABC58 /* main.m */; };
		82080F36172D0CEE008ABC58 /* Credits.rtf in Resources */ = {isa = PBXBuildFile; fileRef = 82080F34172D0CEE008ABC58 /* Credits.rtf */; };
		82080F39172D0CEE008ABC58 /* AppDelegate.m in Sources */ = {isa = PBXBuildFile; fileRef = 82080F38172D0CEE008ABC58 /* AppDelegate.m */; };
		82080F3C172D0CEE008ABC58 /* MainMenu.xib in Resources */ = {isa = PBXBuildFile; fileRef = 82080F3A172D0CEE008ABC58 /* MainMenu.xib */; };
		82080F44172D0CEF008ABC58 /* SenTestingKit.framework in Frameworks */ = {isa = PBXBuildFile; fileRef = 82080F43172D0CEF008ABC58 /* SenTestingKit.framework */; };
		82080F45172D0CEF008ABC58 /* Cocoa.framework in Frameworks */ = {isa = PBXBuildFile; fileRef = 82080F25172D0CEE008ABC58 /* Cocoa.framework */; };
		82080F4D172D0CEF008ABC58 /* InfoPlist.strings in Resources */ = {isa = PBXBuildFile; fileRef = 82080F4B172D0CEF008ABC58 /* InfoPlist.strings */; };
		82080F50172D0CEF008ABC58 /* BlockMLTests.m in Sources */ = {isa = PBXBuildFile; fileRef = 82080F4F172D0CEF008ABC58 /* BlockMLTests.m */; };
		82080F6A172D0FFB008ABC58 /* CSS in Resources */ = {isa = PBXBuildFile; fileRef = 82080F69172D0FFB008ABC58 /* CSS */; };
		82080F73172D1C1F008ABC58 /* Token.m in Sources */ = {isa = PBXBuildFile; fileRef = 82080F6E172D1C1F008ABC58 /* Token.m */; };
		82080F74172D1C1F008ABC58 /* Token.m in Sources */ = {isa = PBXBuildFile; fileRef = 82080F6E172D1C1F008ABC58 /* Token.m */; };
		82080F75172D1C1F008ABC58 /* Scanner.m in Sources */ = {isa = PBXBuildFile; fileRef = 82080F70172D1C1F008ABC58 /* Scanner.m */; };
		82080F76172D1C1F008ABC58 /* Scanner.m in Sources */ = {isa = PBXBuildFile; fileRef = 82080F70172D1C1F008ABC58 /* Scanner.m */; };
		82080F77172D1C1F008ABC58 /* Parser.m in Sources */ = {isa = PBXBuildFile; fileRef = 82080F72172D1C1F008ABC58 /* Parser.m */; };
		82080F78172D1C1F008ABC58 /* Parser.m in Sources */ = {isa = PBXBuildFile; fileRef = 82080F72172D1C1F008ABC58 /* Parser.m */; };
		8208100E172DCD1F008ABC58 /* DropView.m in Sources */ = {isa = PBXBuildFile; fileRef = 8208100D172DCD1F008ABC58 /* DropView.m */; };
		8208100F172DCD1F008ABC58 /* DropView.m in Sources */ = {isa = PBXBuildFile; fileRef = 8208100D172DCD1F008ABC58 /* DropView.m */; };
		8208105B17329313008ABC58 /* icon.icns in Resources */ = {isa = PBXBuildFile; fileRef = 8208105A17329312008ABC58 /* icon.icns */; };
		8214B0EB17EFED6100DF4061 /* Span.m in Sources */ = {isa = PBXBuildFile; fileRef = 8214B0EA17EFED6100DF4061 /* Span.m */; };
		8214B0EE17EFFE9D00DF4061 /* Error.m in Sources */ = {isa = PBXBuildFile; fileRef = 8214B0ED17EFFE9D00DF4061 /* Error.m */; };
		8215C34017E3648D00ABB0E6 /* Paragraph.m in Sources */ = {isa = PBXBuildFile; fileRef = 8215C33F17E3648D00ABB0E6 /* Paragraph.m */; };
		827E346F17FD9F9900A6B82D /* Footnote.m in Sources */ = {isa = PBXBuildFile; fileRef = 827E346E17FD9F9800A6B82D /* Footnote.m */; };
		827E347217FD9FAB00A6B82D /* Endnote.m in Sources */ = {isa = PBXBuildFile; fileRef = 827E347117FD9FAB00A6B82D /* Endnote.m */; };
		827E347517FD9FF500A6B82D /* Sup.m in Sources */ = {isa = PBXBuildFile; fileRef = 827E347417FD9FF500A6B82D /* Sup.m */; };
		827E347817FEE3E500A6B82D /* TableRow.m in Sources */ = {isa = PBXBuildFile; fileRef = 827E347717FEE3E500A6B82D /* TableRow.m */; };
		827E347B17FEE3FE00A6B82D /* TableData.m in Sources */ = {isa = PBXBuildFile; fileRef = 827E347A17FEE3FE00A6B82D /* TableData.m */; };
		827E347E17FEE40F00A6B82D /* TableHeader.m in Sources */ = {isa = PBXBuildFile; fileRef = 827E347D17FEE40F00A6B82D /* TableHeader.m */; };
		827E348117FF405100A6B82D /* Table.m in Sources */ = {isa = PBXBuildFile; fileRef = 827E348017FF405100A6B82D /* Table.m */; };
		827E348417FF8C3C00A6B82D /* TableCell.m in Sources */ = {isa = PBXBuildFile; fileRef = 827E348317FF8C3C00A6B82D /* TableCell.m */; };
		827E3487180067CA00A6B82D /* StyleModifier.m in Sources */ = {isa = PBXBuildFile; fileRef = 827E3486180067CA00A6B82D /* StyleModifier.m */; };
		827E348D1800EC2300A6B82D /* FrontPage.m in Sources */ = {isa = PBXBuildFile; fileRef = 827E348C1800EC2300A6B82D /* FrontPage.m */; };
		827E34901800EC4D00A6B82D /* PageBreak.m in Sources */ = {isa = PBXBuildFile; fileRef = 827E348F1800EC4D00A6B82D /* PageBreak.m */; };
		829AE17018076987002BF377 /* highlight.js in Resources */ = {isa = PBXBuildFile; fileRef = 829AE16F18076987002BF377 /* highlight.js */; };
		829AE17E180A5BC4002BF377 /* HTMLDocument.m in Sources */ = {isa = PBXBuildFile; fileRef = 829AE179180A5BC4002BF377 /* HTMLDocument.m */; };
		829AE17F180A5BC4002BF377 /* HTMLElement.m in Sources */ = {isa = PBXBuildFile; fileRef = 829AE17B180A5BC4002BF377 /* HTMLElement.m */; };
		829AE180180A5BC4002BF377 /* HTMLStringBuilder.m in Sources */ = {isa = PBXBuildFile; fileRef = 829AE17D180A5BC4002BF377 /* HTMLStringBuilder.m */; };
		829AE1CC180BE8AA002BF377 /* INAppStoreWindow.m in Sources */ = {isa = PBXBuildFile; fileRef = 829AE1C9180BE8AA002BF377 /* INAppStoreWindow.m */; };
		829AE1CD180BE8AA002BF377 /* INWindowButton.m in Sources */ = {isa = PBXBuildFile; fileRef = 829AE1CB180BE8AA002BF377 /* INWindowButton.m */; };
		82A06266181264F2007A7F17 /* DocumentController.m in Sources */ = {isa = PBXBuildFile; fileRef = 82A06265181264F2007A7F17 /* DocumentController.m */; };
		82A0626A18126514007A7F17 /* BlockMLDocument.m in Sources */ = {isa = PBXBuildFile; fileRef = 82A0626818126514007A7F17 /* BlockMLDocument.m */; };
		82A0626E181282AD007A7F17 /* MainWindowController.m in Sources */ = {isa = PBXBuildFile; fileRef = 82A0626D181282AD007A7F17 /* MainWindowController.m */; };
		82A06272181283C6007A7F17 /* CustomWindow.m in Sources */ = {isa = PBXBuildFile; fileRef = 82A06271181283C6007A7F17 /* CustomWindow.m */; };
		82A062781812D799007A7F17 /* EscapeTextWindowController.m in Sources */ = {isa = PBXBuildFile; fileRef = 82A062771812D799007A7F17 /* EscapeTextWindowController.m */; };
		82A0627A1812D7AE007A7F17 /* EscapeText.xib in Resources */ = {isa = PBXBuildFile; fileRef = 82A062791812D7AE007A7F17 /* EscapeText.xib */; };
		82A0627C181375E1007A7F17 /* Main.xib in Resources */ = {isa = PBXBuildFile; fileRef = 82A0627B181375E1007A7F17 /* Main.xib */; };
		82A0627F1813B045007A7F17 /* BugFixSegmentedCell.m in Sources */ = {isa = PBXBuildFile; fileRef = 82A0627E1813B045007A7F17 /* BugFixSegmentedCell.m */; };
		82A062831813F2CD007A7F17 /* Cocoa.framework in Frameworks */ = {isa = PBXBuildFile; fileRef = 82080F25172D0CEE008ABC58 /* Cocoa.framework */; };
		82AD8A6817F4CC2200859D26 /* Code.m in Sources */ = {isa = PBXBuildFile; fileRef = 82AD8A6717F4CC2200859D26 /* Code.m */; };
		82AD8A6B17F5F4D600859D26 /* Image.m in Sources */ = {isa = PBXBuildFile; fileRef = 82AD8A6A17F5F4D600859D26 /* Image.m */; };
		82AD8A7217F788E100859D26 /* Caption.m in Sources */ = {isa = PBXBuildFile; fileRef = 82AD8A7117F788E100859D26 /* Caption.m */; };
		82AD8A7517F884F100859D26 /* Identifier.m in Sources */ = {isa = PBXBuildFile; fileRef = 82AD8A7417F884F100859D26 /* Identifier.m */; };
		82AD8A7817F9C5E900859D26 /* Captions.m in Sources */ = {isa = PBXBuildFile; fileRef = 82AD8A7717F9C5E900859D26 /* Captions.m */; };
		82AD8A7B17F9C6E700859D26 /* CaptionStore.m in Sources */ = {isa = PBXBuildFile; fileRef = 82AD8A7A17F9C6E700859D26 /* CaptionStore.m */; };
		82AD8A8017FC651A00859D26 /* Bibliography.m in Sources */ = {isa = PBXBuildFile; fileRef = 82AD8A7F17FC651A00859D26 /* Bibliography.m */; };
		82AD8A8417FCB99B00859D26 /* Quote.m in Sources */ = {isa = PBXBuildFile; fileRef = 82AD8A8317FCB99B00859D26 /* Quote.m */; };
		82AD8A8717FCB9B000859D26 /* Source.m in Sources */ = {isa = PBXBuildFile; fileRef = 82AD8A8617FCB9B000859D26 /* Source.m */; };
		82AD8A8B17FD70BD00859D26 /* Math.m in Sources */ = {isa = PBXBuildFile; fileRef = 82AD8A8A17FD70BD00859D26 /* Math.m */; };
		82B09F0C18021F4800F33625 /* Images.xcassets in Resources */ = {isa = PBXBuildFile; fileRef = 82B09F0B18021F4800F33625 /* Images.xcassets */; };
		82DEC4FB17E609D9007708D1 /* Text.m in Sources */ = {isa = PBXBuildFile; fileRef = 82DEC4FA17E609D9007708D1 /* Text.m */; };
		82DEC4FE17E609F8007708D1 /* LineBreak.m in Sources */ = {isa = PBXBuildFile; fileRef = 82DEC4FD17E609F8007708D1 /* LineBreak.m */; };
		82DEC50217E975B1007708D1 /* Link.m in Sources */ = {isa = PBXBuildFile; fileRef = 82DEC50117E975B1007708D1 /* Link.m */; };
		82DEC50517EAADF2007708D1 /* Images in Resources */ = {isa = PBXBuildFile; fileRef = 82DEC50417EAADF2007708D1 /* Images */; };
		82DEC50817EBF27A007708D1 /* Heading.m in Sources */ = {isa = PBXBuildFile; fileRef = 82DEC50717EBF27A007708D1 /* Heading.m */; };
		82DEC50B17EBF73A007708D1 /* Section.m in Sources */ = {isa = PBXBuildFile; fileRef = 82DEC50A17EBF73A007708D1 /* Section.m */; };
		82DEC50F17EBF7A9007708D1 /* TableOfContent.m in Sources */ = {isa = PBXBuildFile; fileRef = 82DEC50E17EBF7A9007708D1 /* TableOfContent.m */; };
		82DEC51217EDDB36007708D1 /* UnorderedList.m in Sources */ = {isa = PBXBuildFile; fileRef = 82DEC51117EDDB36007708D1 /* UnorderedList.m */; };
		82DEC51517EDDB4B007708D1 /* OrderedList.m in Sources */ = {isa = PBXBuildFile; fileRef = 82DEC51417EDDB4B007708D1 /* OrderedList.m */; };
		82DEC51817EDDB5C007708D1 /* ListItem.m in Sources */ = {isa = PBXBuildFile; fileRef = 82DEC51717EDDB5C007708D1 /* ListItem.m */; };
/* End PBXBuildFile section */

/* Begin PBXContainerItemProxy section */
		82080F46172D0CEF008ABC58 /* PBXContainerItemProxy */ = {
			isa = PBXContainerItemProxy;
			containerPortal = 82080F1A172D0CEE008ABC58 /* Project object */;
			proxyType = 1;
			remoteGlobalIDString = 82080F21172D0CEE008ABC58;
			remoteInfo = BlockML;
		};
/* End PBXContainerItemProxy section */

/* Begin PBXFileReference section */
		82080F22172D0CEE008ABC58 /* BlockML.app */ = {isa = PBXFileReference; explicitFileType = wrapper.application; includeInIndex = 0; path = BlockML.app; sourceTree = BUILT_PRODUCTS_DIR; };
		82080F25172D0CEE008ABC58 /* Cocoa.framework */ = {isa = PBXFileReference; lastKnownFileType = wrapper.framework; name = Cocoa.framework; path = System/Library/Frameworks/Cocoa.framework; sourceTree = SDKROOT; };
		82080F28172D0CEE008ABC58 /* AppKit.framework */ = {isa = PBXFileReference; lastKnownFileType = wrapper.framework; name = AppKit.framework; path = System/Library/Frameworks/AppKit.framework; sourceTree = SDKROOT; };
		82080F29172D0CEE008ABC58 /* CoreData.framework */ = {isa = PBXFileReference; lastKnownFileType = wrapper.framework; name = CoreData.framework; path = System/Library/Frameworks/CoreData.framework; sourceTree = SDKROOT; };
		82080F2A172D0CEE008ABC58 /* Foundation.framework */ = {isa = PBXFileReference; lastKnownFileType = wrapper.framework; name = Foundation.framework; path = System/Library/Frameworks/Foundation.framework; sourceTree = SDKROOT; };
		82080F2D172D0CEE008ABC58 /* BlockML-Info.plist */ = {isa = PBXFileReference; lastKnownFileType = text.plist.xml; path = "BlockML-Info.plist"; sourceTree = "<group>"; };
		82080F2F172D0CEE008ABC58 /* en */ = {isa = PBXFileReference; lastKnownFileType = text.plist.strings; name = en; path = en.lproj/InfoPlist.strings; sourceTree = "<group>"; };
		82080F31172D0CEE008ABC58 /* main.m */ = {isa = PBXFileReference; lastKnownFileType = sourcecode.c.objc; path = main.m; sourceTree = "<group>"; };
		82080F33172D0CEE008ABC58 /* BlockML-Prefix.pch */ = {isa = PBXFileReference; lastKnownFileType = sourcecode.c.h; path = "BlockML-Prefix.pch"; sourceTree = "<group>"; };
		82080F35172D0CEE008ABC58 /* en */ = {isa = PBXFileReference; lastKnownFileType = text.rtf; name = en; path = en.lproj/Credits.rtf; sourceTree = "<group>"; };
		82080F37172D0CEE008ABC58 /* AppDelegate.h */ = {isa = PBXFileReference; lastKnownFileType = sourcecode.c.h; path = AppDelegate.h; sourceTree = "<group>"; };
		82080F38172D0CEE008ABC58 /* AppDelegate.m */ = {isa = PBXFileReference; lastKnownFileType = sourcecode.c.objc; path = AppDelegate.m; sourceTree = "<group>"; };
		82080F3B172D0CEE008ABC58 /* en */ = {isa = PBXFileReference; lastKnownFileType = file.xib; name = en; path = en.lproj/MainMenu.xib; sourceTree = "<group>"; };
		82080F42172D0CEF008ABC58 /* BlockMLTests.octest */ = {isa = PBXFileReference; explicitFileType = wrapper.cfbundle; includeInIndex = 0; path = BlockMLTests.octest; sourceTree = BUILT_PRODUCTS_DIR; };
		82080F43172D0CEF008ABC58 /* SenTestingKit.framework */ = {isa = PBXFileReference; lastKnownFileType = wrapper.framework; name = SenTestingKit.framework; path = Library/Frameworks/SenTestingKit.framework; sourceTree = DEVELOPER_DIR; };
		82080F4A172D0CEF008ABC58 /* BlockMLTests-Info.plist */ = {isa = PBXFileReference; lastKnownFileType = text.plist.xml; path = "BlockMLTests-Info.plist"; sourceTree = "<group>"; };
		82080F4C172D0CEF008ABC58 /* en */ = {isa = PBXFileReference; lastKnownFileType = text.plist.strings; name = en; path = en.lproj/InfoPlist.strings; sourceTree = "<group>"; };
		82080F4E172D0CEF008ABC58 /* BlockMLTests.h */ = {isa = PBXFileReference; lastKnownFileType = sourcecode.c.h; path = BlockMLTests.h; sourceTree = "<group>"; };
		82080F4F172D0CEF008ABC58 /* BlockMLTests.m */ = {isa = PBXFileReference; lastKnownFileType = sourcecode.c.objc; path = BlockMLTests.m; sourceTree = "<group>"; };
		82080F69172D0FFB008ABC58 /* CSS */ = {isa = PBXFileReference; lastKnownFileType = folder; path = CSS; sourceTree = "<group>"; };
		82080F6C172D1C1F008ABC58 /* TokenType.h */ = {isa = PBXFileReference; fileEncoding = 4; lastKnownFileType = sourcecode.c.h; path = TokenType.h; sourceTree = "<group>"; };
		82080F6D172D1C1F008ABC58 /* Token.h */ = {isa = PBXFileReference; fileEncoding = 4; lastKnownFileType = sourcecode.c.h; path = Token.h; sourceTree = "<group>"; };
		82080F6E172D1C1F008ABC58 /* Token.m */ = {isa = PBXFileReference; fileEncoding = 4; lastKnownFileType = sourcecode.c.objc; path = Token.m; sourceTree = "<group>"; };
		82080F6F172D1C1F008ABC58 /* Scanner.h */ = {isa = PBXFileReference; fileEncoding = 4; lastKnownFileType = sourcecode.c.h; path = Scanner.h; sourceTree = "<group>"; };
		82080F70172D1C1F008ABC58 /* Scanner.m */ = {isa = PBXFileReference; fileEncoding = 4; lastKnownFileType = sourcecode.c.objc; path = Scanner.m; sourceTree = "<group>"; };
		82080F71172D1C1F008ABC58 /* Parser.h */ = {isa = PBXFileReference; fileEncoding = 4; lastKnownFileType = sourcecode.c.h; path = Parser.h; sourceTree = "<group>"; };
		82080F72172D1C1F008ABC58 /* Parser.m */ = {isa = PBXFileReference; fileEncoding = 4; lastKnownFileType = sourcecode.c.objc; path = Parser.m; sourceTree = "<group>"; };
		8208100C172DCD1F008ABC58 /* DropView.h */ = {isa = PBXFileReference; fileEncoding = 4; lastKnownFileType = sourcecode.c.h; path = DropView.h; sourceTree = "<group>"; };
		8208100D172DCD1F008ABC58 /* DropView.m */ = {isa = PBXFileReference; fileEncoding = 4; lastKnownFileType = sourcecode.c.objc; path = DropView.m; sourceTree = "<group>"; };
		8208105A17329312008ABC58 /* icon.icns */ = {isa = PBXFileReference; lastKnownFileType = image.icns; name = icon.icns; path = ../icon.icns; sourceTree = "<group>"; };
		8214B0E917EFED6100DF4061 /* Span.h */ = {isa = PBXFileReference; fileEncoding = 4; lastKnownFileType = sourcecode.c.h; path = Span.h; sourceTree = "<group>"; };
		8214B0EA17EFED6100DF4061 /* Span.m */ = {isa = PBXFileReference; fileEncoding = 4; lastKnownFileType = sourcecode.c.objc; path = Span.m; sourceTree = "<group>"; };
		8214B0EC17EFFE9D00DF4061 /* Error.h */ = {isa = PBXFileReference; fileEncoding = 4; lastKnownFileType = sourcecode.c.h; path = Error.h; sourceTree = "<group>"; };
		8214B0ED17EFFE9D00DF4061 /* Error.m */ = {isa = PBXFileReference; fileEncoding = 4; lastKnownFileType = sourcecode.c.objc; path = Error.m; sourceTree = "<group>"; };
		8215C33E17E3648D00ABB0E6 /* Paragraph.h */ = {isa = PBXFileReference; fileEncoding = 4; lastKnownFileType = sourcecode.c.h; path = Paragraph.h; sourceTree = "<group>"; };
		8215C33F17E3648D00ABB0E6 /* Paragraph.m */ = {isa = PBXFileReference; fileEncoding = 4; lastKnownFileType = sourcecode.c.objc; path = Paragraph.m; sourceTree = "<group>"; };
		8215C34417E36EFC00ABB0E6 /* HTMLTree.h */ = {isa = PBXFileReference; fileEncoding = 4; lastKnownFileType = sourcecode.c.h; path = HTMLTree.h; sourceTree = "<group>"; };
		827E346D17FD9F9800A6B82D /* Footnote.h */ = {isa = PBXFileReference; fileEncoding = 4; lastKnownFileType = sourcecode.c.h; path = Footnote.h; sourceTree = "<group>"; };
		827E346E17FD9F9800A6B82D /* Footnote.m */ = {isa = PBXFileReference; fileEncoding = 4; lastKnownFileType = sourcecode.c.objc; path = Footnote.m; sourceTree = "<group>"; };
		827E347017FD9FAB00A6B82D /* Endnote.h */ = {isa = PBXFileReference; fileEncoding = 4; lastKnownFileType = sourcecode.c.h; path = Endnote.h; sourceTree = "<group>"; };
		827E347117FD9FAB00A6B82D /* Endnote.m */ = {isa = PBXFileReference; fileEncoding = 4; lastKnownFileType = sourcecode.c.objc; path = Endnote.m; sourceTree = "<group>"; };
		827E347317FD9FF500A6B82D /* Sup.h */ = {isa = PBXFileReference; fileEncoding = 4; lastKnownFileType = sourcecode.c.h; path = Sup.h; sourceTree = "<group>"; };
		827E347417FD9FF500A6B82D /* Sup.m */ = {isa = PBXFileReference; fileEncoding = 4; lastKnownFileType = sourcecode.c.objc; path = Sup.m; sourceTree = "<group>"; };
		827E347617FEE3E500A6B82D /* TableRow.h */ = {isa = PBXFileReference; fileEncoding = 4; lastKnownFileType = sourcecode.c.h; path = TableRow.h; sourceTree = "<group>"; };
		827E347717FEE3E500A6B82D /* TableRow.m */ = {isa = PBXFileReference; fileEncoding = 4; lastKnownFileType = sourcecode.c.objc; path = TableRow.m; sourceTree = "<group>"; };
		827E347917FEE3FE00A6B82D /* TableData.h */ = {isa = PBXFileReference; fileEncoding = 4; lastKnownFileType = sourcecode.c.h; path = TableData.h; sourceTree = "<group>"; };
		827E347A17FEE3FE00A6B82D /* TableData.m */ = {isa = PBXFileReference; fileEncoding = 4; lastKnownFileType = sourcecode.c.objc; path = TableData.m; sourceTree = "<group>"; };
		827E347C17FEE40F00A6B82D /* TableHeader.h */ = {isa = PBXFileReference; fileEncoding = 4; lastKnownFileType = sourcecode.c.h; path = TableHeader.h; sourceTree = "<group>"; };
		827E347D17FEE40F00A6B82D /* TableHeader.m */ = {isa = PBXFileReference; fileEncoding = 4; lastKnownFileType = sourcecode.c.objc; path = TableHeader.m; sourceTree = "<group>"; };
		827E347F17FF405100A6B82D /* Table.h */ = {isa = PBXFileReference; fileEncoding = 4; lastKnownFileType = sourcecode.c.h; path = Table.h; sourceTree = "<group>"; };
		827E348017FF405100A6B82D /* Table.m */ = {isa = PBXFileReference; fileEncoding = 4; lastKnownFileType = sourcecode.c.objc; path = Table.m; sourceTree = "<group>"; };
		827E348217FF8C3C00A6B82D /* TableCell.h */ = {isa = PBXFileReference; fileEncoding = 4; lastKnownFileType = sourcecode.c.h; path = TableCell.h; sourceTree = "<group>"; };
		827E348317FF8C3C00A6B82D /* TableCell.m */ = {isa = PBXFileReference; fileEncoding = 4; lastKnownFileType = sourcecode.c.objc; path = TableCell.m; sourceTree = "<group>"; };
		827E3485180067CA00A6B82D /* StyleModifier.h */ = {isa = PBXFileReference; fileEncoding = 4; lastKnownFileType = sourcecode.c.h; path = StyleModifier.h; sourceTree = "<group>"; };
		827E3486180067CA00A6B82D /* StyleModifier.m */ = {isa = PBXFileReference; fileEncoding = 4; lastKnownFileType = sourcecode.c.objc; path = StyleModifier.m; sourceTree = "<group>"; };
		827E348B1800EC2300A6B82D /* FrontPage.h */ = {isa = PBXFileReference; fileEncoding = 4; lastKnownFileType = sourcecode.c.h; path = FrontPage.h; sourceTree = "<group>"; };
		827E348C1800EC2300A6B82D /* FrontPage.m */ = {isa = PBXFileReference; fileEncoding = 4; lastKnownFileType = sourcecode.c.objc; path = FrontPage.m; sourceTree = "<group>"; };
		827E348E1800EC4D00A6B82D /* PageBreak.h */ = {isa = PBXFileReference; fileEncoding = 4; lastKnownFileType = sourcecode.c.h; path = PageBreak.h; sourceTree = "<group>"; };
		827E348F1800EC4D00A6B82D /* PageBreak.m */ = {isa = PBXFileReference; fileEncoding = 4; lastKnownFileType = sourcecode.c.objc; path = PageBreak.m; sourceTree = "<group>"; };
		829AE16F18076987002BF377 /* highlight.js */ = {isa = PBXFileReference; lastKnownFileType = folder; path = highlight.js; sourceTree = "<group>"; };
		829AE178180A5BC4002BF377 /* HTMLDocument.h */ = {isa = PBXFileReference; fileEncoding = 4; lastKnownFileType = sourcecode.c.h; path = HTMLDocument.h; sourceTree = "<group>"; };
		829AE179180A5BC4002BF377 /* HTMLDocument.m */ = {isa = PBXFileReference; fileEncoding = 4; lastKnownFileType = sourcecode.c.objc; path = HTMLDocument.m; sourceTree = "<group>"; };
		829AE17A180A5BC4002BF377 /* HTMLElement.h */ = {isa = PBXFileReference; fileEncoding = 4; lastKnownFileType = sourcecode.c.h; path = HTMLElement.h; sourceTree = "<group>"; };
		829AE17B180A5BC4002BF377 /* HTMLElement.m */ = {isa = PBXFileReference; fileEncoding = 4; lastKnownFileType = sourcecode.c.objc; path = HTMLElement.m; sourceTree = "<group>"; };
		829AE17C180A5BC4002BF377 /* HTMLStringBuilder.h */ = {isa = PBXFileReference; fileEncoding = 4; lastKnownFileType = sourcecode.c.h; path = HTMLStringBuilder.h; sourceTree = "<group>"; };
		829AE17D180A5BC4002BF377 /* HTMLStringBuilder.m */ = {isa = PBXFileReference; fileEncoding = 4; lastKnownFileType = sourcecode.c.objc; path = HTMLStringBuilder.m; sourceTree = "<group>"; };
		829AE1C8180BE8AA002BF377 /* INAppStoreWindow.h */ = {isa = PBXFileReference; fileEncoding = 4; lastKnownFileType = sourcecode.c.h; path = INAppStoreWindow.h; sourceTree = "<group>"; };
		829AE1C9180BE8AA002BF377 /* INAppStoreWindow.m */ = {isa = PBXFileReference; fileEncoding = 4; lastKnownFileType = sourcecode.c.objc; path = INAppStoreWindow.m; sourceTree = "<group>"; };
		829AE1CA180BE8AA002BF377 /* INWindowButton.h */ = {isa = PBXFileReference; fileEncoding = 4; lastKnownFileType = sourcecode.c.h; path = INWindowButton.h; sourceTree = "<group>"; };
		829AE1CB180BE8AA002BF377 /* INWindowButton.m */ = {isa = PBXFileReference; fileEncoding = 4; lastKnownFileType = sourcecode.c.objc; path = INWindowButton.m; sourceTree = "<group>"; };
		82A06264181264F2007A7F17 /* DocumentController.h */ = {isa = PBXFileReference; fileEncoding = 4; lastKnownFileType = sourcecode.c.h; path = DocumentController.h; sourceTree = "<group>"; };
		82A06265181264F2007A7F17 /* DocumentController.m */ = {isa = PBXFileReference; fileEncoding = 4; lastKnownFileType = sourcecode.c.objc; path = DocumentController.m; sourceTree = "<group>"; };
		82A0626718126514007A7F17 /* BlockMLDocument.h */ = {isa = PBXFileReference; fileEncoding = 4; lastKnownFileType = sourcecode.c.h; path = BlockMLDocument.h; sourceTree = "<group>"; };
		82A0626818126514007A7F17 /* BlockMLDocument.m */ = {isa = PBXFileReference; fileEncoding = 4; lastKnownFileType = sourcecode.c.objc; path = BlockMLDocument.m; sourceTree = "<group>"; };
		82A0626C181282AD007A7F17 /* MainWindowController.h */ = {isa = PBXFileReference; fileEncoding = 4; lastKnownFileType = sourcecode.c.h; path = MainWindowController.h; sourceTree = "<group>"; };
		82A0626D181282AD007A7F17 /* MainWindowController.m */ = {isa = PBXFileReference; fileEncoding = 4; lastKnownFileType = sourcecode.c.objc; path = MainWindowController.m; sourceTree = "<group>"; };
		82A06270181283C6007A7F17 /* CustomWindow.h */ = {isa = PBXFileReference; fileEncoding = 4; lastKnownFileType = sourcecode.c.h; path = CustomWindow.h; sourceTree = "<group>"; };
		82A06271181283C6007A7F17 /* CustomWindow.m */ = {isa = PBXFileReference; fileEncoding = 4; lastKnownFileType = sourcecode.c.objc; path = CustomWindow.m; sourceTree = "<group>"; };
		82A062761812D799007A7F17 /* EscapeTextWindowController.h */ = {isa = PBXFileReference; fileEncoding = 4; lastKnownFileType = sourcecode.c.h; path = EscapeTextWindowController.h; sourceTree = "<group>"; };
		82A062771812D799007A7F17 /* EscapeTextWindowController.m */ = {isa = PBXFileReference; fileEncoding = 4; lastKnownFileType = sourcecode.c.objc; path = EscapeTextWindowController.m; sourceTree = "<group>"; };
		82A062791812D7AE007A7F17 /* EscapeText.xib */ = {isa = PBXFileReference; fileEncoding = 4; lastKnownFileType = file.xib; path = EscapeText.xib; sourceTree = "<group>"; };
		82A0627B181375E1007A7F17 /* Main.xib */ = {isa = PBXFileReference; fileEncoding = 4; lastKnownFileType = file.xib; path = Main.xib; sourceTree = "<group>"; };
		82A0627D1813B045007A7F17 /* BugFixSegmentedCell.h */ = {isa = PBXFileReference; fileEncoding = 4; lastKnownFileType = sourcecode.c.h; path = BugFixSegmentedCell.h; sourceTree = "<group>"; };
		82A0627E1813B045007A7F17 /* BugFixSegmentedCell.m */ = {isa = PBXFileReference; fileEncoding = 4; lastKnownFileType = sourcecode.c.objc; path = BugFixSegmentedCell.m; sourceTree = "<group>"; };
		82A062811813ED08007A7F17 /* QuartzCore.framework */ = {isa = PBXFileReference; lastKnownFileType = wrapper.framework; name = QuartzCore.framework; path = System/Library/Frameworks/QuartzCore.framework; sourceTree = SDKROOT; };
		82AD8A6617F4CC2200859D26 /* Code.h */ = {isa = PBXFileReference; fileEncoding = 4; lastKnownFileType = sourcecode.c.h; path = Code.h; sourceTree = "<group>"; };
		82AD8A6717F4CC2200859D26 /* Code.m */ = {isa = PBXFileReference; fileEncoding = 4; lastKnownFileType = sourcecode.c.objc; path = Code.m; sourceTree = "<group>"; };
		82AD8A6917F5F4D600859D26 /* Image.h */ = {isa = PBXFileReference; fileEncoding = 4; lastKnownFileType = sourcecode.c.h; path = Image.h; sourceTree = "<group>"; };
		82AD8A6A17F5F4D600859D26 /* Image.m */ = {isa = PBXFileReference; fileEncoding = 4; lastKnownFileType = sourcecode.c.objc; path = Image.m; sourceTree = "<group>"; };
		82AD8A7017F788E100859D26 /* Caption.h */ = {isa = PBXFileReference; fileEncoding = 4; lastKnownFileType = sourcecode.c.h; path = Caption.h; sourceTree = "<group>"; };
		82AD8A7117F788E100859D26 /* Caption.m */ = {isa = PBXFileReference; fileEncoding = 4; lastKnownFileType = sourcecode.c.objc; path = Caption.m; sourceTree = "<group>"; };
		82AD8A7317F884F100859D26 /* Identifier.h */ = {isa = PBXFileReference; fileEncoding = 4; lastKnownFileType = sourcecode.c.h; path = Identifier.h; sourceTree = "<group>"; };
		82AD8A7417F884F100859D26 /* Identifier.m */ = {isa = PBXFileReference; fileEncoding = 4; lastKnownFileType = sourcecode.c.objc; path = Identifier.m; sourceTree = "<group>"; };
		82AD8A7617F9C5E900859D26 /* Captions.h */ = {isa = PBXFileReference; fileEncoding = 4; lastKnownFileType = sourcecode.c.h; path = Captions.h; sourceTree = "<group>"; };
		82AD8A7717F9C5E900859D26 /* Captions.m */ = {isa = PBXFileReference; fileEncoding = 4; lastKnownFileType = sourcecode.c.objc; path = Captions.m; sourceTree = "<group>"; };
		82AD8A7917F9C6E700859D26 /* CaptionStore.h */ = {isa = PBXFileReference; fileEncoding = 4; lastKnownFileType = sourcecode.c.h; path = CaptionStore.h; sourceTree = "<group>"; };
		82AD8A7A17F9C6E700859D26 /* CaptionStore.m */ = {isa = PBXFileReference; fileEncoding = 4; lastKnownFileType = sourcecode.c.objc; path = CaptionStore.m; sourceTree = "<group>"; };
		82AD8A7E17FC651A00859D26 /* Bibliography.h */ = {isa = PBXFileReference; fileEncoding = 4; lastKnownFileType = sourcecode.c.h; path = Bibliography.h; sourceTree = "<group>"; };
		82AD8A7F17FC651A00859D26 /* Bibliography.m */ = {isa = PBXFileReference; fileEncoding = 4; lastKnownFileType = sourcecode.c.objc; path = Bibliography.m; sourceTree = "<group>"; };
		82AD8A8217FCB99B00859D26 /* Quote.h */ = {isa = PBXFileReference; fileEncoding = 4; lastKnownFileType = sourcecode.c.h; path = Quote.h; sourceTree = "<group>"; };
		82AD8A8317FCB99B00859D26 /* Quote.m */ = {isa = PBXFileReference; fileEncoding = 4; lastKnownFileType = sourcecode.c.objc; path = Quote.m; sourceTree = "<group>"; };
		82AD8A8517FCB9B000859D26 /* Source.h */ = {isa = PBXFileReference; fileEncoding = 4; lastKnownFileType = sourcecode.c.h; path = Source.h; sourceTree = "<group>"; };
		82AD8A8617FCB9B000859D26 /* Source.m */ = {isa = PBXFileReference; fileEncoding = 4; lastKnownFileType = sourcecode.c.objc; path = Source.m; sourceTree = "<group>"; };
		82AD8A8917FD70BD00859D26 /* Math.h */ = {isa = PBXFileReference; fileEncoding = 4; lastKnownFileType = sourcecode.c.h; path = Math.h; sourceTree = "<group>"; };
		82AD8A8A17FD70BD00859D26 /* Math.m */ = {isa = PBXFileReference; fileEncoding = 4; lastKnownFileType = sourcecode.c.objc; path = Math.m; sourceTree = "<group>"; };
		82B09F0B18021F4800F33625 /* Images.xcassets */ = {isa = PBXFileReference; lastKnownFileType = folder.assetcatalog; path = Images.xcassets; sourceTree = "<group>"; };
		82DEC4F917E609D9007708D1 /* Text.h */ = {isa = PBXFileReference; fileEncoding = 4; lastKnownFileType = sourcecode.c.h; path = Text.h; sourceTree = "<group>"; };
		82DEC4FA17E609D9007708D1 /* Text.m */ = {isa = PBXFileReference; fileEncoding = 4; lastKnownFileType = sourcecode.c.objc; path = Text.m; sourceTree = "<group>"; };
		82DEC4FC17E609F8007708D1 /* LineBreak.h */ = {isa = PBXFileReference; fileEncoding = 4; lastKnownFileType = sourcecode.c.h; path = LineBreak.h; sourceTree = "<group>"; };
		82DEC4FD17E609F8007708D1 /* LineBreak.m */ = {isa = PBXFileReference; fileEncoding = 4; lastKnownFileType = sourcecode.c.objc; path = LineBreak.m; sourceTree = "<group>"; };
		82DEC50017E975B1007708D1 /* Link.h */ = {isa = PBXFileReference; fileEncoding = 4; lastKnownFileType = sourcecode.c.h; path = Link.h; sourceTree = "<group>"; };
		82DEC50117E975B1007708D1 /* Link.m */ = {isa = PBXFileReference; fileEncoding = 4; lastKnownFileType = sourcecode.c.objc; path = Link.m; sourceTree = "<group>"; };
		82DEC50417EAADF2007708D1 /* Images */ = {isa = PBXFileReference; lastKnownFileType = folder; path = Images; sourceTree = "<group>"; };
		82DEC50617EBF27A007708D1 /* Heading.h */ = {isa = PBXFileReference; fileEncoding = 4; lastKnownFileType = sourcecode.c.h; path = Heading.h; sourceTree = "<group>"; };
		82DEC50717EBF27A007708D1 /* Heading.m */ = {isa = PBXFileReference; fileEncoding = 4; lastKnownFileType = sourcecode.c.objc; path = Heading.m; sourceTree = "<group>"; };
		82DEC50917EBF73A007708D1 /* Section.h */ = {isa = PBXFileReference; fileEncoding = 4; lastKnownFileType = sourcecode.c.h; path = Section.h; sourceTree = "<group>"; };
		82DEC50A17EBF73A007708D1 /* Section.m */ = {isa = PBXFileReference; fileEncoding = 4; lastKnownFileType = sourcecode.c.objc; path = Section.m; sourceTree = "<group>"; };
		82DEC50D17EBF7A9007708D1 /* TableOfContent.h */ = {isa = PBXFileReference; fileEncoding = 4; lastKnownFileType = sourcecode.c.h; path = TableOfContent.h; sourceTree = "<group>"; };
		82DEC50E17EBF7A9007708D1 /* TableOfContent.m */ = {isa = PBXFileReference; fileEncoding = 4; lastKnownFileType = sourcecode.c.objc; path = TableOfContent.m; sourceTree = "<group>"; };
		82DEC51017EDDB36007708D1 /* UnorderedList.h */ = {isa = PBXFileReference; fileEncoding = 4; lastKnownFileType = sourcecode.c.h; path = UnorderedList.h; sourceTree = "<group>"; };
		82DEC51117EDDB36007708D1 /* UnorderedList.m */ = {isa = PBXFileReference; fileEncoding = 4; lastKnownFileType = sourcecode.c.objc; path = UnorderedList.m; sourceTree = "<group>"; };
		82DEC51317EDDB4B007708D1 /* OrderedList.h */ = {isa = PBXFileReference; fileEncoding = 4; lastKnownFileType = sourcecode.c.h; path = OrderedList.h; sourceTree = "<group>"; };
		82DEC51417EDDB4B007708D1 /* OrderedList.m */ = {isa = PBXFileReference; fileEncoding = 4; lastKnownFileType = sourcecode.c.objc; path = OrderedList.m; sourceTree = "<group>"; };
		82DEC51617EDDB5C007708D1 /* ListItem.h */ = {isa = PBXFileReference; fileEncoding = 4; lastKnownFileType = sourcecode.c.h; path = ListItem.h; sourceTree = "<group>"; };
		82DEC51717EDDB5C007708D1 /* ListItem.m */ = {isa = PBXFileReference; fileEncoding = 4; lastKnownFileType = sourcecode.c.objc; path = ListItem.m; sourceTree = "<group>"; };
/* End PBXFileReference section */

/* Begin PBXFrameworksBuildPhase section */
		82080F1F172D0CEE008ABC58 /* Frameworks */ = {
			isa = PBXFrameworksBuildPhase;
			buildActionMask = 2147483647;
			files = (
				82A062831813F2CD007A7F17 /* Cocoa.framework in Frameworks */,
			);
			runOnlyForDeploymentPostprocessing = 0;
		};
		82080F3E172D0CEF008ABC58 /* Frameworks */ = {
			isa = PBXFrameworksBuildPhase;
			buildActionMask = 2147483647;
			files = (
				82080F44172D0CEF008ABC58 /* SenTestingKit.framework in Frameworks */,
				82080F45172D0CEF008ABC58 /* Cocoa.framework in Frameworks */,
			);
			runOnlyForDeploymentPostprocessing = 0;
		};
/* End PBXFrameworksBuildPhase section */

/* Begin PBXGroup section */
		82080F19172D0CEE008ABC58 = {
			isa = PBXGroup;
			children = (
				82080F2B172D0CEE008ABC58 /* BlockML */,
				82080F48172D0CEF008ABC58 /* BlockMLTests */,
				82080F24172D0CEE008ABC58 /* Frameworks */,
				82080F23172D0CEE008ABC58 /* Products */,
				82080F5D172D0E45008ABC58 /* Resources */,
			);
			sourceTree = "<group>";
		};
		82080F23172D0CEE008ABC58 /* Products */ = {
			isa = PBXGroup;
			children = (
				82080F22172D0CEE008ABC58 /* BlockML.app */,
				82080F42172D0CEF008ABC58 /* BlockMLTests.octest */,
			);
			name = Products;
			sourceTree = "<group>";
		};
		82080F24172D0CEE008ABC58 /* Frameworks */ = {
			isa = PBXGroup;
			children = (
				82A062811813ED08007A7F17 /* QuartzCore.framework */,
				82080F25172D0CEE008ABC58 /* Cocoa.framework */,
				82080F43172D0CEF008ABC58 /* SenTestingKit.framework */,
				82080F27172D0CEE008ABC58 /* Other Frameworks */,
			);
			name = Frameworks;
			sourceTree = "<group>";
		};
		82080F27172D0CEE008ABC58 /* Other Frameworks */ = {
			isa = PBXGroup;
			children = (
				82080F28172D0CEE008ABC58 /* AppKit.framework */,
				82080F29172D0CEE008ABC58 /* CoreData.framework */,
				82080F2A172D0CEE008ABC58 /* Foundation.framework */,
			);
			name = "Other Frameworks";
			sourceTree = "<group>";
		};
		82080F2B172D0CEE008ABC58 /* BlockML */ = {
			isa = PBXGroup;
			children = (
				82080F79172D1DCE008ABC58 /* HTMLTree */,
				82080F6B172D17D7008ABC58 /* Compiler */,
				8208100B172DCCA4008ABC58 /* UI */,
				82B09F0B18021F4800F33625 /* Images.xcassets */,
				82080F2C172D0CEE008ABC58 /* Supporting Files */,
			);
			path = BlockML;
			sourceTree = "<group>";
		};
		82080F2C172D0CEE008ABC58 /* Supporting Files */ = {
			isa = PBXGroup;
			children = (
				8208105A17329312008ABC58 /* icon.icns */,
				82080F2D172D0CEE008ABC58 /* BlockML-Info.plist */,
				82080F2E172D0CEE008ABC58 /* InfoPlist.strings */,
				82080F31172D0CEE008ABC58 /* main.m */,
				82080F33172D0CEE008ABC58 /* BlockML-Prefix.pch */,
				82080F34172D0CEE008ABC58 /* Credits.rtf */,
			);
			name = "Supporting Files";
			sourceTree = "<group>";
		};
		82080F48172D0CEF008ABC58 /* BlockMLTests */ = {
			isa = PBXGroup;
			children = (
				82080F4E172D0CEF008ABC58 /* BlockMLTests.h */,
				82080F4F172D0CEF008ABC58 /* BlockMLTests.m */,
				82080F49172D0CEF008ABC58 /* Supporting Files */,
			);
			path = BlockMLTests;
			sourceTree = "<group>";
		};
		82080F49172D0CEF008ABC58 /* Supporting Files */ = {
			isa = PBXGroup;
			children = (
				82080F4A172D0CEF008ABC58 /* BlockMLTests-Info.plist */,
				82080F4B172D0CEF008ABC58 /* InfoPlist.strings */,
			);
			name = "Supporting Files";
			sourceTree = "<group>";
		};
		82080F5D172D0E45008ABC58 /* Resources */ = {
			isa = PBXGroup;
			children = (
				829AE16F18076987002BF377 /* highlight.js */,
				82DEC50417EAADF2007708D1 /* Images */,
				82080F69172D0FFB008ABC58 /* CSS */,
			);
			path = Resources;
			sourceTree = "<group>";
		};
		82080F6B172D17D7008ABC58 /* Compiler */ = {
			isa = PBXGroup;
			children = (
				82080F6C172D1C1F008ABC58 /* TokenType.h */,
				82080F6D172D1C1F008ABC58 /* Token.h */,
				82080F6E172D1C1F008ABC58 /* Token.m */,
				82080F6F172D1C1F008ABC58 /* Scanner.h */,
				82080F70172D1C1F008ABC58 /* Scanner.m */,
				82080F71172D1C1F008ABC58 /* Parser.h */,
				82080F72172D1C1F008ABC58 /* Parser.m */,
			);
			name = Compiler;
			sourceTree = "<group>";
		};
		82080F79172D1DCE008ABC58 /* HTMLTree */ = {
			isa = PBXGroup;
			children = (
				829AE178180A5BC4002BF377 /* HTMLDocument.h */,
				829AE179180A5BC4002BF377 /* HTMLDocument.m */,
				829AE17A180A5BC4002BF377 /* HTMLElement.h */,
				829AE17B180A5BC4002BF377 /* HTMLElement.m */,
				829AE17C180A5BC4002BF377 /* HTMLStringBuilder.h */,
				829AE17D180A5BC4002BF377 /* HTMLStringBuilder.m */,
				8215C33A17E2594F00ABB0E6 /* HTMLElements */,
			);
			name = HTMLTree;
			sourceTree = "<group>";
		};
		8208100B172DCCA4008ABC58 /* UI */ = {
			isa = PBXGroup;
			children = (
				82A06273181284E7007A7F17 /* Main Window */,
				82A062751812851B007A7F17 /* Escape Text Window */,
				82A0627418128508007A7F17 /* About Window */,
				82A0626F1812838B007A7F17 /* Custom Window */,
				82A06263181264CA007A7F17 /* Document Based Stuff */,
				82080F37172D0CEE008ABC58 /* AppDelegate.h */,
				82080F38172D0CEE008ABC58 /* AppDelegate.m */,
				82080F3A172D0CEE008ABC58 /* MainMenu.xib */,
			);
			name = UI;
			sourceTree = "<group>";
		};
		8214B0EF17EFFEA400DF4061 /* Error */ = {
			isa = PBXGroup;
			children = (
				8214B0EC17EFFE9D00DF4061 /* Error.h */,
				8214B0ED17EFFE9D00DF4061 /* Error.m */,
			);
			name = Error;
			sourceTree = "<group>";
		};
		8215C33A17E2594F00ABB0E6 /* HTMLElements */ = {
			isa = PBXGroup;
			children = (
				8215C34417E36EFC00ABB0E6 /* HTMLTree.h */,
				82DEC4FF17E77DA0007708D1 /* Text */,
				82DEC50C17EBF747007708D1 /* Section + TOC */,
				82DEC51917EDDB6B007708D1 /* List */,
				82AD8A8117FC654100859D26 /* Image */,
				8214B0EF17EFFEA400DF4061 /* Error */,
				82AD8A6217F493F300859D26 /* Code */,
				82AD8A6C17F7869C00859D26 /* Caption + ID */,
				82AD8A7D17FC650100859D26 /* Bibliography */,
				82AD8A8817FCB9B500859D26 /* Quote */,
				82AD8A8C17FD70C400859D26 /* Math */,
				827E346A17FD9F4800A6B82D /* Footnote */,
				827E346C17FD9F6B00A6B82D /* StyleModifier */,
				827E346B17FD9F5100A6B82D /* Table */,
				827E34911801052800A6B82D /* FrontPage + PageBreak */,
				827E34921801054D00A6B82D /* Link */,
				827E34931801055800A6B82D /* Span */,
			);
			name = HTMLElements;
			sourceTree = "<group>";
		};
		827E346A17FD9F4800A6B82D /* Footnote */ = {
			isa = PBXGroup;
			children = (
				827E346D17FD9F9800A6B82D /* Footnote.h */,
				827E346E17FD9F9800A6B82D /* Footnote.m */,
				827E347017FD9FAB00A6B82D /* Endnote.h */,
				827E347117FD9FAB00A6B82D /* Endnote.m */,
			);
			name = Footnote;
			sourceTree = "<group>";
		};
		827E346B17FD9F5100A6B82D /* Table */ = {
			isa = PBXGroup;
			children = (
				827E347F17FF405100A6B82D /* Table.h */,
				827E348017FF405100A6B82D /* Table.m */,
				827E347617FEE3E500A6B82D /* TableRow.h */,
				827E347717FEE3E500A6B82D /* TableRow.m */,
				827E347917FEE3FE00A6B82D /* TableData.h */,
				827E347A17FEE3FE00A6B82D /* TableData.m */,
				827E347C17FEE40F00A6B82D /* TableHeader.h */,
				827E347D17FEE40F00A6B82D /* TableHeader.m */,
				827E348217FF8C3C00A6B82D /* TableCell.h */,
				827E348317FF8C3C00A6B82D /* TableCell.m */,
			);
			name = Table;
			sourceTree = "<group>";
		};
		827E346C17FD9F6B00A6B82D /* StyleModifier */ = {
			isa = PBXGroup;
			children = (
				827E347317FD9FF500A6B82D /* Sup.h */,
				827E347417FD9FF500A6B82D /* Sup.m */,
				827E3485180067CA00A6B82D /* StyleModifier.h */,
				827E3486180067CA00A6B82D /* StyleModifier.m */,
			);
			name = StyleModifier;
			sourceTree = "<group>";
		};
		827E34911801052800A6B82D /* FrontPage + PageBreak */ = {
			isa = PBXGroup;
			children = (
				827E348B1800EC2300A6B82D /* FrontPage.h */,
				827E348C1800EC2300A6B82D /* FrontPage.m */,
				827E348E1800EC4D00A6B82D /* PageBreak.h */,
				827E348F1800EC4D00A6B82D /* PageBreak.m */,
			);
			name = "FrontPage + PageBreak";
			sourceTree = "<group>";
		};
		827E34921801054D00A6B82D /* Link */ = {
			isa = PBXGroup;
			children = (
				82DEC50017E975B1007708D1 /* Link.h */,
				82DEC50117E975B1007708D1 /* Link.m */,
			);
			name = Link;
			sourceTree = "<group>";
		};
		827E34931801055800A6B82D /* Span */ = {
			isa = PBXGroup;
			children = (
				8214B0E917EFED6100DF4061 /* Span.h */,
				8214B0EA17EFED6100DF4061 /* Span.m */,
			);
			name = Span;
			sourceTree = "<group>";
		};
		829AE1C7180BE7B6002BF377 /* INAppStoreWindow */ = {
			isa = PBXGroup;
			children = (
				829AE1C8180BE8AA002BF377 /* INAppStoreWindow.h */,
				829AE1C9180BE8AA002BF377 /* INAppStoreWindow.m */,
				829AE1CA180BE8AA002BF377 /* INWindowButton.h */,
				829AE1CB180BE8AA002BF377 /* INWindowButton.m */,
			);
			name = INAppStoreWindow;
			sourceTree = "<group>";
		};
		829AE211180E2E8D002BF377 /* DropView */ = {
			isa = PBXGroup;
			children = (
				8208100C172DCD1F008ABC58 /* DropView.h */,
				8208100D172DCD1F008ABC58 /* DropView.m */,
			);
			name = DropView;
			sourceTree = "<group>";
		};
		82A06263181264CA007A7F17 /* Document Based Stuff */ = {
			isa = PBXGroup;
			children = (
				82A06264181264F2007A7F17 /* DocumentController.h */,
				82A06265181264F2007A7F17 /* DocumentController.m */,
				82A0626718126514007A7F17 /* BlockMLDocument.h */,
				82A0626818126514007A7F17 /* BlockMLDocument.m */,
			);
			name = "Document Based Stuff";
			sourceTree = "<group>";
		};
		82A0626F1812838B007A7F17 /* Custom Window */ = {
			isa = PBXGroup;
			children = (
				829AE1C7180BE7B6002BF377 /* INAppStoreWindow */,
				82A06270181283C6007A7F17 /* CustomWindow.h */,
				82A06271181283C6007A7F17 /* CustomWindow.m */,
			);
			name = "Custom Window";
			sourceTree = "<group>";
		};
		82A06273181284E7007A7F17 /* Main Window */ = {
			isa = PBXGroup;
			children = (
				829AE211180E2E8D002BF377 /* DropView */,
				82A062801813B127007A7F17 /* SegmentedControl BugFix */,
				82A0626C181282AD007A7F17 /* MainWindowController.h */,
				82A0626D181282AD007A7F17 /* MainWindowController.m */,
				82A0627B181375E1007A7F17 /* Main.xib */,
			);
			name = "Main Window";
			sourceTree = "<group>";
		};
		82A0627418128508007A7F17 /* About Window */ = {
			isa = PBXGroup;
			children = (
			);
			name = "About Window";
			sourceTree = "<group>";
		};
		82A062751812851B007A7F17 /* Escape Text Window */ = {
			isa = PBXGroup;
			children = (
				82A062761812D799007A7F17 /* EscapeTextWindowController.h */,
				82A062771812D799007A7F17 /* EscapeTextWindowController.m */,
				82A062791812D7AE007A7F17 /* EscapeText.xib */,
			);
			name = "Escape Text Window";
			sourceTree = "<group>";
		};
		82A062801813B127007A7F17 /* SegmentedControl BugFix */ = {
			isa = PBXGroup;
			children = (
				82A0627D1813B045007A7F17 /* BugFixSegmentedCell.h */,
				82A0627E1813B045007A7F17 /* BugFixSegmentedCell.m */,
			);
			name = "SegmentedControl BugFix";
			sourceTree = "<group>";
		};
		82AD8A6217F493F300859D26 /* Code */ = {
			isa = PBXGroup;
			children = (
				82AD8A6617F4CC2200859D26 /* Code.h */,
				82AD8A6717F4CC2200859D26 /* Code.m */,
			);
			name = Code;
			sourceTree = "<group>";
		};
		82AD8A6C17F7869C00859D26 /* Caption + ID */ = {
			isa = PBXGroup;
			children = (
				82AD8A7017F788E100859D26 /* Caption.h */,
				82AD8A7117F788E100859D26 /* Caption.m */,
				82AD8A7317F884F100859D26 /* Identifier.h */,
				82AD8A7417F884F100859D26 /* Identifier.m */,
				82AD8A7C17F9C6F300859D26 /* Storage */,
			);
			name = "Caption + ID";
			sourceTree = "<group>";
		};
		82AD8A7C17F9C6F300859D26 /* Storage */ = {
			isa = PBXGroup;
			children = (
				82AD8A7617F9C5E900859D26 /* Captions.h */,
				82AD8A7717F9C5E900859D26 /* Captions.m */,
				82AD8A7917F9C6E700859D26 /* CaptionStore.h */,
				82AD8A7A17F9C6E700859D26 /* CaptionStore.m */,
			);
			name = Storage;
			sourceTree = "<group>";
		};
		82AD8A7D17FC650100859D26 /* Bibliography */ = {
			isa = PBXGroup;
			children = (
				82AD8A7E17FC651A00859D26 /* Bibliography.h */,
				82AD8A7F17FC651A00859D26 /* Bibliography.m */,
			);
			name = Bibliography;
			sourceTree = "<group>";
		};
		82AD8A8117FC654100859D26 /* Image */ = {
			isa = PBXGroup;
			children = (
				82AD8A6917F5F4D600859D26 /* Image.h */,
				82AD8A6A17F5F4D600859D26 /* Image.m */,
			);
			name = Image;
			sourceTree = "<group>";
		};
		82AD8A8817FCB9B500859D26 /* Quote */ = {
			isa = PBXGroup;
			children = (
				82AD8A8217FCB99B00859D26 /* Quote.h */,
				82AD8A8317FCB99B00859D26 /* Quote.m */,
				82AD8A8517FCB9B000859D26 /* Source.h */,
				82AD8A8617FCB9B000859D26 /* Source.m */,
			);
			name = Quote;
			sourceTree = "<group>";
		};
		82AD8A8C17FD70C400859D26 /* Math */ = {
			isa = PBXGroup;
			children = (
				82AD8A8917FD70BD00859D26 /* Math.h */,
				82AD8A8A17FD70BD00859D26 /* Math.m */,
			);
			name = Math;
			sourceTree = "<group>";
		};
		82DEC4FF17E77DA0007708D1 /* Text */ = {
			isa = PBXGroup;
			children = (
				8215C33E17E3648D00ABB0E6 /* Paragraph.h */,
				8215C33F17E3648D00ABB0E6 /* Paragraph.m */,
				82DEC4F917E609D9007708D1 /* Text.h */,
				82DEC4FA17E609D9007708D1 /* Text.m */,
				82DEC4FC17E609F8007708D1 /* LineBreak.h */,
				82DEC4FD17E609F8007708D1 /* LineBreak.m */,
			);
			name = Text;
			sourceTree = "<group>";
		};
		82DEC50C17EBF747007708D1 /* Section + TOC */ = {
			isa = PBXGroup;
			children = (
				82DEC50617EBF27A007708D1 /* Heading.h */,
				82DEC50717EBF27A007708D1 /* Heading.m */,
				82DEC50917EBF73A007708D1 /* Section.h */,
				82DEC50A17EBF73A007708D1 /* Section.m */,
				82DEC50D17EBF7A9007708D1 /* TableOfContent.h */,
				82DEC50E17EBF7A9007708D1 /* TableOfContent.m */,
			);
			name = "Section + TOC";
			sourceTree = "<group>";
		};
		82DEC51917EDDB6B007708D1 /* List */ = {
			isa = PBXGroup;
			children = (
				82DEC51017EDDB36007708D1 /* UnorderedList.h */,
				82DEC51117EDDB36007708D1 /* UnorderedList.m */,
				82DEC51317EDDB4B007708D1 /* OrderedList.h */,
				82DEC51417EDDB4B007708D1 /* OrderedList.m */,
				82DEC51617EDDB5C007708D1 /* ListItem.h */,
				82DEC51717EDDB5C007708D1 /* ListItem.m */,
			);
			name = List;
			sourceTree = "<group>";
		};
/* End PBXGroup section */

/* Begin PBXNativeTarget section */
		82080F21172D0CEE008ABC58 /* BlockML */ = {
			isa = PBXNativeTarget;
			buildConfigurationList = 82080F53172D0CEF008ABC58 /* Build configuration list for PBXNativeTarget "BlockML" */;
			buildPhases = (
				82080F1E172D0CEE008ABC58 /* Sources */,
				82080F1F172D0CEE008ABC58 /* Frameworks */,
				82080F20172D0CEE008ABC58 /* Resources */,
			);
			buildRules = (
			);
			dependencies = (
			);
			name = BlockML;
			productName = BlockML;
			productReference = 82080F22172D0CEE008ABC58 /* BlockML.app */;
			productType = "com.apple.product-type.application";
		};
		82080F41172D0CEF008ABC58 /* BlockMLTests */ = {
			isa = PBXNativeTarget;
			buildConfigurationList = 82080F56172D0CEF008ABC58 /* Build configuration list for PBXNativeTarget "BlockMLTests" */;
			buildPhases = (
				82080F3D172D0CEF008ABC58 /* Sources */,
				82080F3E172D0CEF008ABC58 /* Frameworks */,
				82080F3F172D0CEF008ABC58 /* Resources */,
				82080F40172D0CEF008ABC58 /* ShellScript */,
			);
			buildRules = (
			);
			dependencies = (
				82080F47172D0CEF008ABC58 /* PBXTargetDependency */,
			);
			name = BlockMLTests;
			productName = BlockMLTests;
			productReference = 82080F42172D0CEF008ABC58 /* BlockMLTests.octest */;
			productType = "com.apple.product-type.bundle";
		};
/* End PBXNativeTarget section */

/* Begin PBXProject section */
		82080F1A172D0CEE008ABC58 /* Project object */ = {
			isa = PBXProject;
			attributes = {
				LastUpgradeCheck = 0500;
				ORGANIZATIONNAME = Lindemann;
			};
			buildConfigurationList = 82080F1D172D0CEE008ABC58 /* Build configuration list for PBXProject "BlockML" */;
			compatibilityVersion = "Xcode 3.2";
			developmentRegion = English;
			hasScannedForEncodings = 0;
			knownRegions = (
				en,
			);
			mainGroup = 82080F19172D0CEE008ABC58;
			productRefGroup = 82080F23172D0CEE008ABC58 /* Products */;
			projectDirPath = "";
			projectRoot = "";
			targets = (
				82080F21172D0CEE008ABC58 /* BlockML */,
				82080F41172D0CEF008ABC58 /* BlockMLTests */,
			);
		};
/* End PBXProject section */

/* Begin PBXResourcesBuildPhase section */
		82080F20172D0CEE008ABC58 /* Resources */ = {
			isa = PBXResourcesBuildPhase;
			buildActionMask = 2147483647;
			files = (
				82B09F0C18021F4800F33625 /* Images.xcassets in Resources */,
				829AE17018076987002BF377 /* highlight.js in Resources */,
				82080F30172D0CEE008ABC58 /* InfoPlist.strings in Resources */,
				82080F36172D0CEE008ABC58 /* Credits.rtf in Resources */,
				82A0627C181375E1007A7F17 /* Main.xib in Resources */,
				82080F3C172D0CEE008ABC58 /* MainMenu.xib in Resources */,
				82DEC50517EAADF2007708D1 /* Images in Resources */,
				82A0627A1812D7AE007A7F17 /* EscapeText.xib in Resources */,
				82080F6A172D0FFB008ABC58 /* CSS in Resources */,
				8208105B17329313008ABC58 /* icon.icns in Resources */,
			);
			runOnlyForDeploymentPostprocessing = 0;
		};
		82080F3F172D0CEF008ABC58 /* Resources */ = {
			isa = PBXResourcesBuildPhase;
			buildActionMask = 2147483647;
			files = (
				82080F4D172D0CEF008ABC58 /* InfoPlist.strings in Resources */,
			);
			runOnlyForDeploymentPostprocessing = 0;
		};
/* End PBXResourcesBuildPhase section */

/* Begin PBXShellScriptBuildPhase section */
		82080F40172D0CEF008ABC58 /* ShellScript */ = {
			isa = PBXShellScriptBuildPhase;
			buildActionMask = 2147483647;
			files = (
			);
			inputPaths = (
			);
			outputPaths = (
			);
			runOnlyForDeploymentPostprocessing = 0;
			shellPath = /bin/sh;
			shellScript = "# Run the unit tests in this test bundle.\n\"${SYSTEM_DEVELOPER_DIR}/Tools/RunUnitTests\"\n";
		};
/* End PBXShellScriptBuildPhase section */

/* Begin PBXSourcesBuildPhase section */
		82080F1E172D0CEE008ABC58 /* Sources */ = {
			isa = PBXSourcesBuildPhase;
			buildActionMask = 2147483647;
			files = (
				827E348D1800EC2300A6B82D /* FrontPage.m in Sources */,
				8214B0EE17EFFE9D00DF4061 /* Error.m in Sources */,
				827E347817FEE3E500A6B82D /* TableRow.m in Sources */,
				829AE17F180A5BC4002BF377 /* HTMLElement.m in Sources */,
				82A0627F1813B045007A7F17 /* BugFixSegmentedCell.m in Sources */,
				82A0626E181282AD007A7F17 /* MainWindowController.m in Sources */,
				82DEC50217E975B1007708D1 /* Link.m in Sources */,
				82AD8A7817F9C5E900859D26 /* Captions.m in Sources */,
				82DEC4FB17E609D9007708D1 /* Text.m in Sources */,
				827E346F17FD9F9900A6B82D /* Footnote.m in Sources */,
				82A062781812D799007A7F17 /* EscapeTextWindowController.m in Sources */,
				827E348117FF405100A6B82D /* Table.m in Sources */,
				82DEC51217EDDB36007708D1 /* UnorderedList.m in Sources */,
				82DEC50F17EBF7A9007708D1 /* TableOfContent.m in Sources */,
				82AD8A8717FCB9B000859D26 /* Source.m in Sources */,
				82080F32172D0CEE008ABC58 /* main.m in Sources */,
				8215C34017E3648D00ABB0E6 /* Paragraph.m in Sources */,
				82AD8A7517F884F100859D26 /* Identifier.m in Sources */,
				82AD8A8B17FD70BD00859D26 /* Math.m in Sources */,
				82AD8A7217F788E100859D26 /* Caption.m in Sources */,
				82080F39172D0CEE008ABC58 /* AppDelegate.m in Sources */,
				829AE1CD180BE8AA002BF377 /* INWindowButton.m in Sources */,
				827E3487180067CA00A6B82D /* StyleModifier.m in Sources */,
				82080F73172D1C1F008ABC58 /* Token.m in Sources */,
				82DEC51817EDDB5C007708D1 /* ListItem.m in Sources */,
				82A06266181264F2007A7F17 /* DocumentController.m in Sources */,
				82AD8A6817F4CC2200859D26 /* Code.m in Sources */,
				82DEC4FE17E609F8007708D1 /* LineBreak.m in Sources */,
				82080F75172D1C1F008ABC58 /* Scanner.m in Sources */,
				827E347B17FEE3FE00A6B82D /* TableData.m in Sources */,
				82A06272181283C6007A7F17 /* CustomWindow.m in Sources */,
				82AD8A8417FCB99B00859D26 /* Quote.m in Sources */,
				82080F77172D1C1F008ABC58 /* Parser.m in Sources */,
				827E34901800EC4D00A6B82D /* PageBreak.m in Sources */,
				827E347517FD9FF500A6B82D /* Sup.m in Sources */,
				827E347E17FEE40F00A6B82D /* TableHeader.m in Sources */,
				82DEC50B17EBF73A007708D1 /* Section.m in Sources */,
				82A0626A18126514007A7F17 /* BlockMLDocument.m in Sources */,
				829AE180180A5BC4002BF377 /* HTMLStringBuilder.m in Sources */,
				8214B0EB17EFED6100DF4061 /* Span.m in Sources */,
				8208100E172DCD1F008ABC58 /* DropView.m in Sources */,
				829AE1CC180BE8AA002BF377 /* INAppStoreWindow.m in Sources */,
				82DEC51517EDDB4B007708D1 /* OrderedList.m in Sources */,
				82AD8A8017FC651A00859D26 /* Bibliography.m in Sources */,
				82AD8A6B17F5F4D600859D26 /* Image.m in Sources */,
				82DEC50817EBF27A007708D1 /* Heading.m in Sources */,
				82AD8A7B17F9C6E700859D26 /* CaptionStore.m in Sources */,
				829AE17E180A5BC4002BF377 /* HTMLDocument.m in Sources */,
				827E348417FF8C3C00A6B82D /* TableCell.m in Sources */,
				827E347217FD9FAB00A6B82D /* Endnote.m in Sources */,
			);
			runOnlyForDeploymentPostprocessing = 0;
		};
		82080F3D172D0CEF008ABC58 /* Sources */ = {
			isa = PBXSourcesBuildPhase;
			buildActionMask = 2147483647;
			files = (
				82080F50172D0CEF008ABC58 /* BlockMLTests.m in Sources */,
				82080F74172D1C1F008ABC58 /* Token.m in Sources */,
				82080F76172D1C1F008ABC58 /* Scanner.m in Sources */,
				82080F78172D1C1F008ABC58 /* Parser.m in Sources */,
				8208100F172DCD1F008ABC58 /* DropView.m in Sources */,
			);
			runOnlyForDeploymentPostprocessing = 0;
		};
/* End PBXSourcesBuildPhase section */

/* Begin PBXTargetDependency section */
		82080F47172D0CEF008ABC58 /* PBXTargetDependency */ = {
			isa = PBXTargetDependency;
			target = 82080F21172D0CEE008ABC58 /* BlockML */;
			targetProxy = 82080F46172D0CEF008ABC58 /* PBXContainerItemProxy */;
		};
/* End PBXTargetDependency section */

/* Begin PBXVariantGroup section */
		82080F2E172D0CEE008ABC58 /* InfoPlist.strings */ = {
			isa = PBXVariantGroup;
			children = (
				82080F2F172D0CEE008ABC58 /* en */,
			);
			name = InfoPlist.strings;
			sourceTree = "<group>";
		};
		82080F34172D0CEE008ABC58 /* Credits.rtf */ = {
			isa = PBXVariantGroup;
			children = (
				82080F35172D0CEE008ABC58 /* en */,
			);
			name = Credits.rtf;
			sourceTree = "<group>";
		};
		82080F3A172D0CEE008ABC58 /* MainMenu.xib */ = {
			isa = PBXVariantGroup;
			children = (
				82080F3B172D0CEE008ABC58 /* en */,
			);
			name = MainMenu.xib;
			sourceTree = "<group>";
		};
		82080F4B172D0CEF008ABC58 /* InfoPlist.strings */ = {
			isa = PBXVariantGroup;
			children = (
				82080F4C172D0CEF008ABC58 /* en */,
			);
			name = InfoPlist.strings;
			sourceTree = "<group>";
		};
/* End PBXVariantGroup section */

/* Begin XCBuildConfiguration section */
		82080F51172D0CEF008ABC58 /* Debug */ = {
			isa = XCBuildConfiguration;
			buildSettings = {
				ALWAYS_SEARCH_USER_PATHS = NO;
				CLANG_CXX_LANGUAGE_STANDARD = "gnu++0x";
				CLANG_CXX_LIBRARY = "libc++";
				CLANG_ENABLE_OBJC_ARC = YES;
				CLANG_WARN_CONSTANT_CONVERSION = YES;
				CLANG_WARN_EMPTY_BODY = YES;
				CLANG_WARN_ENUM_CONVERSION = YES;
				CLANG_WARN_INT_CONVERSION = YES;
				CLANG_WARN__DUPLICATE_METHOD_MATCH = YES;
				COPY_PHASE_STRIP = NO;
				GCC_C_LANGUAGE_STANDARD = gnu99;
				GCC_DYNAMIC_NO_PIC = NO;
				GCC_ENABLE_OBJC_EXCEPTIONS = YES;
				GCC_OPTIMIZATION_LEVEL = 0;
				GCC_PREPROCESSOR_DEFINITIONS = (
					"DEBUG=1",
					"$(inherited)",
				);
				GCC_SYMBOLS_PRIVATE_EXTERN = NO;
				GCC_WARN_64_TO_32_BIT_CONVERSION = YES;
				GCC_WARN_ABOUT_RETURN_TYPE = YES;
				GCC_WARN_UNINITIALIZED_AUTOS = YES;
				GCC_WARN_UNUSED_VARIABLE = YES;
				MACOSX_DEPLOYMENT_TARGET = 10.8;
				ONLY_ACTIVE_ARCH = YES;
				SDKROOT = macosx;
			};
			name = Debug;
		};
		82080F52172D0CEF008ABC58 /* Release */ = {
			isa = XCBuildConfiguration;
			buildSettings = {
				ALWAYS_SEARCH_USER_PATHS = NO;
				CLANG_CXX_LANGUAGE_STANDARD = "gnu++0x";
				CLANG_CXX_LIBRARY = "libc++";
				CLANG_ENABLE_OBJC_ARC = YES;
				CLANG_WARN_CONSTANT_CONVERSION = YES;
				CLANG_WARN_EMPTY_BODY = YES;
				CLANG_WARN_ENUM_CONVERSION = YES;
				CLANG_WARN_INT_CONVERSION = YES;
				CLANG_WARN__DUPLICATE_METHOD_MATCH = YES;
				COPY_PHASE_STRIP = YES;
				DEBUG_INFORMATION_FORMAT = "dwarf-with-dsym";
				GCC_C_LANGUAGE_STANDARD = gnu99;
				GCC_ENABLE_OBJC_EXCEPTIONS = YES;
				GCC_WARN_64_TO_32_BIT_CONVERSION = YES;
				GCC_WARN_ABOUT_RETURN_TYPE = YES;
				GCC_WARN_UNINITIALIZED_AUTOS = YES;
				GCC_WARN_UNUSED_VARIABLE = YES;
				MACOSX_DEPLOYMENT_TARGET = 10.8;
				SDKROOT = macosx;
			};
			name = Release;
		};
		82080F54172D0CEF008ABC58 /* Debug */ = {
			isa = XCBuildConfiguration;
			buildSettings = {
				ASSETCATALOG_COMPILER_APPICON_NAME = AppIcon;
				COMBINE_HIDPI_IMAGES = YES;
				GCC_PRECOMPILE_PREFIX_HEADER = YES;
				GCC_PREFIX_HEADER = "BlockML/BlockML-Prefix.pch";
				INFOPLIST_FILE = "BlockML/BlockML-Info.plist";
				PRODUCT_NAME = BlockML;
				WRAPPER_EXTENSION = app;
			};
			name = Debug;
		};
		82080F55172D0CEF008ABC58 /* Release */ = {
			isa = XCBuildConfiguration;
			buildSettings = {
				ASSETCATALOG_COMPILER_APPICON_NAME = AppIcon;
				COMBINE_HIDPI_IMAGES = YES;
				GCC_PRECOMPILE_PREFIX_HEADER = YES;
				GCC_PREFIX_HEADER = "BlockML/BlockML-Prefix.pch";
				INFOPLIST_FILE = "BlockML/BlockML-Info.plist";
				PRODUCT_NAME = BlockML;
				WRAPPER_EXTENSION = app;
			};
			name = Release;
		};
		82080F57172D0CEF008ABC58 /* Debug */ = {
			isa = XCBuildConfiguration;
			buildSettings = {
				BUNDLE_LOADER = "$(BUILT_PRODUCTS_DIR)/BlockML.app/Contents/MacOS/BlockML";
				COMBINE_HIDPI_IMAGES = YES;
				FRAMEWORK_SEARCH_PATHS = "\"$(DEVELOPER_LIBRARY_DIR)/Frameworks\"";
				GCC_PRECOMPILE_PREFIX_HEADER = YES;
				GCC_PREFIX_HEADER = "BlockML/BlockML-Prefix.pch";
				INFOPLIST_FILE = "BlockMLTests/BlockMLTests-Info.plist";
				PRODUCT_NAME = BlockMLTests;
				TEST_HOST = "$(BUNDLE_LOADER)";
				WRAPPER_EXTENSION = octest;
			};
			name = Debug;
		};
		82080F58172D0CEF008ABC58 /* Release */ = {
			isa = XCBuildConfiguration;
			buildSettings = {
				BUNDLE_LOADER = "$(BUILT_PRODUCTS_DIR)/BlockML.app/Contents/MacOS/BlockML";
				COMBINE_HIDPI_IMAGES = YES;
				FRAMEWORK_SEARCH_PATHS = "\"$(DEVELOPER_LIBRARY_DIR)/Frameworks\"";
				GCC_PRECOMPILE_PREFIX_HEADER = YES;
				GCC_PREFIX_HEADER = "BlockML/BlockML-Prefix.pch";
				INFOPLIST_FILE = "BlockMLTests/BlockMLTests-Info.plist";
				PRODUCT_NAME = BlockMLTests;
				TEST_HOST = "$(BUNDLE_LOADER)";
				WRAPPER_EXTENSION = octest;
			};
			name = Release;
		};
/* End XCBuildConfiguration section */

/* Begin XCConfigurationList section */
		82080F1D172D0CEE008ABC58 /* Build configuration list for PBXProject "BlockML" */ = {
			isa = XCConfigurationList;
			buildConfigurations = (
				82080F51172D0CEF008ABC58 /* Debug */,
				82080F52172D0CEF008ABC58 /* Release */,
			);
			defaultConfigurationIsVisible = 0;
			defaultConfigurationName = Release;
		};
		82080F53172D0CEF008ABC58 /* Build configuration list for PBXNativeTarget "BlockML" */ = {
			isa = XCConfigurationList;
			buildConfigurations = (
				82080F54172D0CEF008ABC58 /* Debug */,
				82080F55172D0CEF008ABC58 /* Release */,
			);
			defaultConfigurationIsVisible = 0;
			defaultConfigurationName = Release;
		};
		82080F56172D0CEF008ABC58 /* Build configuration list for PBXNativeTarget "BlockMLTests" */ = {
			isa = XCConfigurationList;
			buildConfigurations = (
				82080F57172D0CEF008ABC58 /* Debug */,
				82080F58172D0CEF008ABC58 /* Release */,
			);
			defaultConfigurationIsVisible = 0;
			defaultConfigurationName = Release;
		};
/* End XCConfigurationList section */
	};
	rootObject = 82080F1A172D0CEE008ABC58 /* Project object */;
}
