// !$*UTF8*$!
{
	archiveVersion = 1;
	classes = {
	};
	objectVersion = 46;
	objects = {

/* Begin PBXBuildFile section */
		82080F26172D0CEE008ABC58 /* Cocoa.framework in Frameworks */ = {isa = PBXBuildFile; fileRef = 82080F25172D0CEE008ABC58 /* Cocoa.framework */; };
		82080F30172D0CEE008ABC58 /* InfoPlist.strings in Resources */ = {isa = PBXBuildFile; fileRef = 82080F2E172D0CEE008ABC58 /* InfoPlist.strings */; };
		82080F32172D0CEE008ABC58 /* main.m in Sources */ = {isa = PBXBuildFile; fileRef = 82080F31172D0CEE008ABC58 /* main.m */; };
		82080F36172D0CEE008ABC58 /* Credits.rtf in Resources */ = {isa = PBXBuildFile; fileRef = 82080F34172D0CEE008ABC58 /* Credits.rtf */; };
		82080F39172D0CEE008ABC58 /* AppDelegate.m in Sources */ = {isa = PBXBuildFile; fileRef = 82080F38172D0CEE008ABC58 /* AppDelegate.m */; };
		82080F3C172D0CEE008ABC58 /* MainMenu.xib in Resources */ = {isa = PBXBuildFile; fileRef = 82080F3A172D0CEE008ABC58 /* MainMenu.xib */; };
		82080F44172D0CEF008ABC58 /* SenTestingKit.framework in Frameworks */ = {isa = PBXBuildFile; fileRef = 82080F43172D0CEF008ABC58 /* SenTestingKit.framework */; };
		82080F45172D0CEF008ABC58 /* Cocoa.framework in Frameworks */ = {isa = PBXBuildFile; fileRef = 82080F25172D0CEE008ABC58 /* Cocoa.framework */; };
		82080F4D172D0CEF008ABC58 /* InfoPlist.strings in Resources */ = {isa = PBXBuildFile; fileRef = 82080F4B172D0CEF008ABC58 /* InfoPlist.strings */; };
		82080F50172D0CEF008ABC58 /* BlockMLTests.m in Sources */ = {isa = PBXBuildFile; fileRef = 82080F4F172D0CEF008ABC58 /* BlockMLTests.m */; };
		82080F5F172D0E54008ABC58 /* MathJax in Resources */ = {isa = PBXBuildFile; fileRef = 82080F5E172D0E54008ABC58 /* MathJax */; };
		82080F61172D0E67008ABC58 /* highlight.js in Resources */ = {isa = PBXBuildFile; fileRef = 82080F60172D0E67008ABC58 /* highlight.js */; };
		82080F6A172D0FFB008ABC58 /* CSS in Resources */ = {isa = PBXBuildFile; fileRef = 82080F69172D0FFB008ABC58 /* CSS */; };
		82080F73172D1C1F008ABC58 /* Token.m in Sources */ = {isa = PBXBuildFile; fileRef = 82080F6E172D1C1F008ABC58 /* Token.m */; };
		82080F74172D1C1F008ABC58 /* Token.m in Sources */ = {isa = PBXBuildFile; fileRef = 82080F6E172D1C1F008ABC58 /* Token.m */; };
		82080F75172D1C1F008ABC58 /* Scanner.m in Sources */ = {isa = PBXBuildFile; fileRef = 82080F70172D1C1F008ABC58 /* Scanner.m */; };
		82080F76172D1C1F008ABC58 /* Scanner.m in Sources */ = {isa = PBXBuildFile; fileRef = 82080F70172D1C1F008ABC58 /* Scanner.m */; };
		82080F77172D1C1F008ABC58 /* Parser.m in Sources */ = {isa = PBXBuildFile; fileRef = 82080F72172D1C1F008ABC58 /* Parser.m */; };
		82080F78172D1C1F008ABC58 /* Parser.m in Sources */ = {isa = PBXBuildFile; fileRef = 82080F72172D1C1F008ABC58 /* Parser.m */; };
		8208100E172DCD1F008ABC58 /* DropView.m in Sources */ = {isa = PBXBuildFile; fileRef = 8208100D172DCD1F008ABC58 /* DropView.m */; };
		8208100F172DCD1F008ABC58 /* DropView.m in Sources */ = {isa = PBXBuildFile; fileRef = 8208100D172DCD1F008ABC58 /* DropView.m */; };
		8208105B17329313008ABC58 /* icon.icns in Resources */ = {isa = PBXBuildFile; fileRef = 8208105A17329312008ABC58 /* icon.icns */; };
		8214B0EB17EFED6100DF4061 /* Span.m in Sources */ = {isa = PBXBuildFile; fileRef = 8214B0EA17EFED6100DF4061 /* Span.m */; };
		8214B0EE17EFFE9D00DF4061 /* Error.m in Sources */ = {isa = PBXBuildFile; fileRef = 8214B0ED17EFFE9D00DF4061 /* Error.m */; };
		8215C33317E0046D00ABB0E6 /* HTMLStringBuilder.m in Sources */ = {isa = PBXBuildFile; fileRef = 8215C33217E0046D00ABB0E6 /* HTMLStringBuilder.m */; };
		8215C33617E004B900ABB0E6 /* HTMLElement.m in Sources */ = {isa = PBXBuildFile; fileRef = 8215C33517E004B900ABB0E6 /* HTMLElement.m */; };
		8215C33917E004CD00ABB0E6 /* HTMLDocument.m in Sources */ = {isa = PBXBuildFile; fileRef = 8215C33817E004CD00ABB0E6 /* HTMLDocument.m */; };
		8215C34017E3648D00ABB0E6 /* Paragraph.m in Sources */ = {isa = PBXBuildFile; fileRef = 8215C33F17E3648D00ABB0E6 /* Paragraph.m */; };
		82AD8A6517F4941700859D26 /* InlineCode.m in Sources */ = {isa = PBXBuildFile; fileRef = 82AD8A6417F4941700859D26 /* InlineCode.m */; };
		82AD8A6817F4CC2200859D26 /* Code.m in Sources */ = {isa = PBXBuildFile; fileRef = 82AD8A6717F4CC2200859D26 /* Code.m */; };
		82AD8A6B17F5F4D600859D26 /* Image.m in Sources */ = {isa = PBXBuildFile; fileRef = 82AD8A6A17F5F4D600859D26 /* Image.m */; };
		82AD8A7217F788E100859D26 /* Caption.m in Sources */ = {isa = PBXBuildFile; fileRef = 82AD8A7117F788E100859D26 /* Caption.m */; };
		82AD8A7517F884F100859D26 /* Identifier.m in Sources */ = {isa = PBXBuildFile; fileRef = 82AD8A7417F884F100859D26 /* Identifier.m */; };
		82AD8A7817F9C5E900859D26 /* Captions.m in Sources */ = {isa = PBXBuildFile; fileRef = 82AD8A7717F9C5E900859D26 /* Captions.m */; };
		82AD8A7B17F9C6E700859D26 /* CaptionStore.m in Sources */ = {isa = PBXBuildFile; fileRef = 82AD8A7A17F9C6E700859D26 /* CaptionStore.m */; };
		82AD8A8017FC651A00859D26 /* Bibliography.m in Sources */ = {isa = PBXBuildFile; fileRef = 82AD8A7F17FC651A00859D26 /* Bibliography.m */; };
		82AD8A8417FCB99B00859D26 /* Quote.m in Sources */ = {isa = PBXBuildFile; fileRef = 82AD8A8317FCB99B00859D26 /* Quote.m */; };
		82AD8A8717FCB9B000859D26 /* Source.m in Sources */ = {isa = PBXBuildFile; fileRef = 82AD8A8617FCB9B000859D26 /* Source.m */; };
		82DEC4FB17E609D9007708D1 /* Text.m in Sources */ = {isa = PBXBuildFile; fileRef = 82DEC4FA17E609D9007708D1 /* Text.m */; };
		82DEC4FE17E609F8007708D1 /* LineBreak.m in Sources */ = {isa = PBXBuildFile; fileRef = 82DEC4FD17E609F8007708D1 /* LineBreak.m */; };
		82DEC50217E975B1007708D1 /* Link.m in Sources */ = {isa = PBXBuildFile; fileRef = 82DEC50117E975B1007708D1 /* Link.m */; };
		82DEC50517EAADF2007708D1 /* Images in Resources */ = {isa = PBXBuildFile; fileRef = 82DEC50417EAADF2007708D1 /* Images */; };
		82DEC50817EBF27A007708D1 /* Heading.m in Sources */ = {isa = PBXBuildFile; fileRef = 82DEC50717EBF27A007708D1 /* Heading.m */; };
		82DEC50B17EBF73A007708D1 /* Section.m in Sources */ = {isa = PBXBuildFile; fileRef = 82DEC50A17EBF73A007708D1 /* Section.m */; };
		82DEC50F17EBF7A9007708D1 /* TableOfContent.m in Sources */ = {isa = PBXBuildFile; fileRef = 82DEC50E17EBF7A9007708D1 /* TableOfContent.m */; };
		82DEC51217EDDB36007708D1 /* UnorderedList.m in Sources */ = {isa = PBXBuildFile; fileRef = 82DEC51117EDDB36007708D1 /* UnorderedList.m */; };
		82DEC51517EDDB4B007708D1 /* OrderedList.m in Sources */ = {isa = PBXBuildFile; fileRef = 82DEC51417EDDB4B007708D1 /* OrderedList.m */; };
		82DEC51817EDDB5C007708D1 /* ListItem.m in Sources */ = {isa = PBXBuildFile; fileRef = 82DEC51717EDDB5C007708D1 /* ListItem.m */; };
/* End PBXBuildFile section */

/* Begin PBXContainerItemProxy section */
		82080F46172D0CEF008ABC58 /* PBXContainerItemProxy */ = {
			isa = PBXContainerItemProxy;
			containerPortal = 82080F1A172D0CEE008ABC58 /* Project object */;
			proxyType = 1;
			remoteGlobalIDString = 82080F21172D0CEE008ABC58;
			remoteInfo = BlockML;
		};
/* End PBXContainerItemProxy section */

/* Begin PBXFileReference section */
		82080F22172D0CEE008ABC58 /* BlockMLLight.app */ = {isa = PBXFileReference; explicitFileType = wrapper.application; includeInIndex = 0; path = BlockMLLight.app; sourceTree = BUILT_PRODUCTS_DIR; };
		82080F25172D0CEE008ABC58 /* Cocoa.framework */ = {isa = PBXFileReference; lastKnownFileType = wrapper.framework; name = Cocoa.framework; path = System/Library/Frameworks/Cocoa.framework; sourceTree = SDKROOT; };
		82080F28172D0CEE008ABC58 /* AppKit.framework */ = {isa = PBXFileReference; lastKnownFileType = wrapper.framework; name = AppKit.framework; path = System/Library/Frameworks/AppKit.framework; sourceTree = SDKROOT; };
		82080F29172D0CEE008ABC58 /* CoreData.framework */ = {isa = PBXFileReference; lastKnownFileType = wrapper.framework; name = CoreData.framework; path = System/Library/Frameworks/CoreData.framework; sourceTree = SDKROOT; };
		82080F2A172D0CEE008ABC58 /* Foundation.framework */ = {isa = PBXFileReference; lastKnownFileType = wrapper.framework; name = Foundation.framework; path = System/Library/Frameworks/Foundation.framework; sourceTree = SDKROOT; };
		82080F2D172D0CEE008ABC58 /* BlockMLLight-Info.plist */ = {isa = PBXFileReference; lastKnownFileType = text.plist.xml; path = "BlockMLLight-Info.plist"; sourceTree = "<group>"; };
		82080F2F172D0CEE008ABC58 /* en */ = {isa = PBXFileReference; lastKnownFileType = text.plist.strings; name = en; path = en.lproj/InfoPlist.strings; sourceTree = "<group>"; };
		82080F31172D0CEE008ABC58 /* main.m */ = {isa = PBXFileReference; lastKnownFileType = sourcecode.c.objc; path = main.m; sourceTree = "<group>"; };
		82080F33172D0CEE008ABC58 /* BlockMLLight-Prefix.pch */ = {isa = PBXFileReference; lastKnownFileType = sourcecode.c.h; path = "BlockMLLight-Prefix.pch"; sourceTree = "<group>"; };
		82080F35172D0CEE008ABC58 /* en */ = {isa = PBXFileReference; lastKnownFileType = text.rtf; name = en; path = en.lproj/Credits.rtf; sourceTree = "<group>"; };
		82080F37172D0CEE008ABC58 /* AppDelegate.h */ = {isa = PBXFileReference; lastKnownFileType = sourcecode.c.h; path = AppDelegate.h; sourceTree = "<group>"; };
		82080F38172D0CEE008ABC58 /* AppDelegate.m */ = {isa = PBXFileReference; lastKnownFileType = sourcecode.c.objc; path = AppDelegate.m; sourceTree = "<group>"; };
		82080F3B172D0CEE008ABC58 /* en */ = {isa = PBXFileReference; lastKnownFileType = file.xib; name = en; path = en.lproj/MainMenu.xib; sourceTree = "<group>"; };
		82080F42172D0CEF008ABC58 /* BlockMLLightTests.octest */ = {isa = PBXFileReference; explicitFileType = wrapper.cfbundle; includeInIndex = 0; path = BlockMLLightTests.octest; sourceTree = BUILT_PRODUCTS_DIR; };
		82080F43172D0CEF008ABC58 /* SenTestingKit.framework */ = {isa = PBXFileReference; lastKnownFileType = wrapper.framework; name = SenTestingKit.framework; path = Library/Frameworks/SenTestingKit.framework; sourceTree = DEVELOPER_DIR; };
		82080F4A172D0CEF008ABC58 /* BlockMLLightTests-Info.plist */ = {isa = PBXFileReference; lastKnownFileType = text.plist.xml; path = "BlockMLLightTests-Info.plist"; sourceTree = "<group>"; };
		82080F4C172D0CEF008ABC58 /* en */ = {isa = PBXFileReference; lastKnownFileType = text.plist.strings; name = en; path = en.lproj/InfoPlist.strings; sourceTree = "<group>"; };
		82080F4E172D0CEF008ABC58 /* BlockMLTests.h */ = {isa = PBXFileReference; lastKnownFileType = sourcecode.c.h; path = BlockMLTests.h; sourceTree = "<group>"; };
		82080F4F172D0CEF008ABC58 /* BlockMLTests.m */ = {isa = PBXFileReference; lastKnownFileType = sourcecode.c.objc; path = BlockMLTests.m; sourceTree = "<group>"; };
		82080F5E172D0E54008ABC58 /* MathJax */ = {isa = PBXFileReference; lastKnownFileType = folder; path = MathJax; sourceTree = "<group>"; };
		82080F60172D0E67008ABC58 /* highlight.js */ = {isa = PBXFileReference; lastKnownFileType = folder; path = highlight.js; sourceTree = "<group>"; };
		82080F69172D0FFB008ABC58 /* CSS */ = {isa = PBXFileReference; lastKnownFileType = folder; path = CSS; sourceTree = "<group>"; };
		82080F6C172D1C1F008ABC58 /* TokenType.h */ = {isa = PBXFileReference; fileEncoding = 4; lastKnownFileType = sourcecode.c.h; path = TokenType.h; sourceTree = "<group>"; };
		82080F6D172D1C1F008ABC58 /* Token.h */ = {isa = PBXFileReference; fileEncoding = 4; lastKnownFileType = sourcecode.c.h; path = Token.h; sourceTree = "<group>"; };
		82080F6E172D1C1F008ABC58 /* Token.m */ = {isa = PBXFileReference; fileEncoding = 4; lastKnownFileType = sourcecode.c.objc; path = Token.m; sourceTree = "<group>"; };
		82080F6F172D1C1F008ABC58 /* Scanner.h */ = {isa = PBXFileReference; fileEncoding = 4; lastKnownFileType = sourcecode.c.h; path = Scanner.h; sourceTree = "<group>"; };
		82080F70172D1C1F008ABC58 /* Scanner.m */ = {isa = PBXFileReference; fileEncoding = 4; lastKnownFileType = sourcecode.c.objc; path = Scanner.m; sourceTree = "<group>"; };
		82080F71172D1C1F008ABC58 /* Parser.h */ = {isa = PBXFileReference; fileEncoding = 4; lastKnownFileType = sourcecode.c.h; path = Parser.h; sourceTree = "<group>"; };
		82080F72172D1C1F008ABC58 /* Parser.m */ = {isa = PBXFileReference; fileEncoding = 4; lastKnownFileType = sourcecode.c.objc; path = Parser.m; sourceTree = "<group>"; };
		8208100C172DCD1F008ABC58 /* DropView.h */ = {isa = PBXFileReference; fileEncoding = 4; lastKnownFileType = sourcecode.c.h; path = DropView.h; sourceTree = "<group>"; };
		8208100D172DCD1F008ABC58 /* DropView.m */ = {isa = PBXFileReference; fileEncoding = 4; lastKnownFileType = sourcecode.c.objc; path = DropView.m; sourceTree = "<group>"; };
		8208105A17329312008ABC58 /* icon.icns */ = {isa = PBXFileReference; lastKnownFileType = image.icns; name = icon.icns; path = ../icon.icns; sourceTree = "<group>"; };
		8214B0E917EFED6100DF4061 /* Span.h */ = {isa = PBXFileReference; fileEncoding = 4; lastKnownFileType = sourcecode.c.h; path = Span.h; sourceTree = "<group>"; };
		8214B0EA17EFED6100DF4061 /* Span.m */ = {isa = PBXFileReference; fileEncoding = 4; lastKnownFileType = sourcecode.c.objc; path = Span.m; sourceTree = "<group>"; };
		8214B0EC17EFFE9D00DF4061 /* Error.h */ = {isa = PBXFileReference; fileEncoding = 4; lastKnownFileType = sourcecode.c.h; path = Error.h; sourceTree = "<group>"; };
		8214B0ED17EFFE9D00DF4061 /* Error.m */ = {isa = PBXFileReference; fileEncoding = 4; lastKnownFileType = sourcecode.c.objc; path = Error.m; sourceTree = "<group>"; };
		8215C33117E0046D00ABB0E6 /* HTMLStringBuilder.h */ = {isa = PBXFileReference; fileEncoding = 4; lastKnownFileType = sourcecode.c.h; path = HTMLStringBuilder.h; sourceTree = "<group>"; };
		8215C33217E0046D00ABB0E6 /* HTMLStringBuilder.m */ = {isa = PBXFileReference; fileEncoding = 4; lastKnownFileType = sourcecode.c.objc; path = HTMLStringBuilder.m; sourceTree = "<group>"; };
		8215C33417E004B900ABB0E6 /* HTMLElement.h */ = {isa = PBXFileReference; fileEncoding = 4; lastKnownFileType = sourcecode.c.h; path = HTMLElement.h; sourceTree = "<group>"; };
		8215C33517E004B900ABB0E6 /* HTMLElement.m */ = {isa = PBXFileReference; fileEncoding = 4; lastKnownFileType = sourcecode.c.objc; path = HTMLElement.m; sourceTree = "<group>"; };
		8215C33717E004CD00ABB0E6 /* HTMLDocument.h */ = {isa = PBXFileReference; fileEncoding = 4; lastKnownFileType = sourcecode.c.h; path = HTMLDocument.h; sourceTree = "<group>"; };
		8215C33817E004CD00ABB0E6 /* HTMLDocument.m */ = {isa = PBXFileReference; fileEncoding = 4; lastKnownFileType = sourcecode.c.objc; path = HTMLDocument.m; sourceTree = "<group>"; };
		8215C33E17E3648D00ABB0E6 /* Paragraph.h */ = {isa = PBXFileReference; fileEncoding = 4; lastKnownFileType = sourcecode.c.h; path = Paragraph.h; sourceTree = "<group>"; };
		8215C33F17E3648D00ABB0E6 /* Paragraph.m */ = {isa = PBXFileReference; fileEncoding = 4; lastKnownFileType = sourcecode.c.objc; path = Paragraph.m; sourceTree = "<group>"; };
		8215C34417E36EFC00ABB0E6 /* HTMLTree.h */ = {isa = PBXFileReference; fileEncoding = 4; lastKnownFileType = sourcecode.c.h; path = HTMLTree.h; sourceTree = "<group>"; };
		82AD8A6317F4941700859D26 /* InlineCode.h */ = {isa = PBXFileReference; fileEncoding = 4; lastKnownFileType = sourcecode.c.h; path = InlineCode.h; sourceTree = "<group>"; };
		82AD8A6417F4941700859D26 /* InlineCode.m */ = {isa = PBXFileReference; fileEncoding = 4; lastKnownFileType = sourcecode.c.objc; path = InlineCode.m; sourceTree = "<group>"; };
		82AD8A6617F4CC2200859D26 /* Code.h */ = {isa = PBXFileReference; fileEncoding = 4; lastKnownFileType = sourcecode.c.h; path = Code.h; sourceTree = "<group>"; };
		82AD8A6717F4CC2200859D26 /* Code.m */ = {isa = PBXFileReference; fileEncoding = 4; lastKnownFileType = sourcecode.c.objc; path = Code.m; sourceTree = "<group>"; };
		82AD8A6917F5F4D600859D26 /* Image.h */ = {isa = PBXFileReference; fileEncoding = 4; lastKnownFileType = sourcecode.c.h; path = Image.h; sourceTree = "<group>"; };
		82AD8A6A17F5F4D600859D26 /* Image.m */ = {isa = PBXFileReference; fileEncoding = 4; lastKnownFileType = sourcecode.c.objc; path = Image.m; sourceTree = "<group>"; };
		82AD8A7017F788E100859D26 /* Caption.h */ = {isa = PBXFileReference; fileEncoding = 4; lastKnownFileType = sourcecode.c.h; path = Caption.h; sourceTree = "<group>"; };
		82AD8A7117F788E100859D26 /* Caption.m */ = {isa = PBXFileReference; fileEncoding = 4; lastKnownFileType = sourcecode.c.objc; path = Caption.m; sourceTree = "<group>"; };
		82AD8A7317F884F100859D26 /* Identifier.h */ = {isa = PBXFileReference; fileEncoding = 4; lastKnownFileType = sourcecode.c.h; path = Identifier.h; sourceTree = "<group>"; };
		82AD8A7417F884F100859D26 /* Identifier.m */ = {isa = PBXFileReference; fileEncoding = 4; lastKnownFileType = sourcecode.c.objc; path = Identifier.m; sourceTree = "<group>"; };
		82AD8A7617F9C5E900859D26 /* Captions.h */ = {isa = PBXFileReference; fileEncoding = 4; lastKnownFileType = sourcecode.c.h; path = Captions.h; sourceTree = "<group>"; };
		82AD8A7717F9C5E900859D26 /* Captions.m */ = {isa = PBXFileReference; fileEncoding = 4; lastKnownFileType = sourcecode.c.objc; path = Captions.m; sourceTree = "<group>"; };
		82AD8A7917F9C6E700859D26 /* CaptionStore.h */ = {isa = PBXFileReference; fileEncoding = 4; lastKnownFileType = sourcecode.c.h; path = CaptionStore.h; sourceTree = "<group>"; };
		82AD8A7A17F9C6E700859D26 /* CaptionStore.m */ = {isa = PBXFileReference; fileEncoding = 4; lastKnownFileType = sourcecode.c.objc; path = CaptionStore.m; sourceTree = "<group>"; };
		82AD8A7E17FC651A00859D26 /* Bibliography.h */ = {isa = PBXFileReference; fileEncoding = 4; lastKnownFileType = sourcecode.c.h; path = Bibliography.h; sourceTree = "<group>"; };
		82AD8A7F17FC651A00859D26 /* Bibliography.m */ = {isa = PBXFileReference; fileEncoding = 4; lastKnownFileType = sourcecode.c.objc; path = Bibliography.m; sourceTree = "<group>"; };
		82AD8A8217FCB99B00859D26 /* Quote.h */ = {isa = PBXFileReference; fileEncoding = 4; lastKnownFileType = sourcecode.c.h; path = Quote.h; sourceTree = "<group>"; };
		82AD8A8317FCB99B00859D26 /* Quote.m */ = {isa = PBXFileReference; fileEncoding = 4; lastKnownFileType = sourcecode.c.objc; path = Quote.m; sourceTree = "<group>"; };
		82AD8A8517FCB9B000859D26 /* Source.h */ = {isa = PBXFileReference; fileEncoding = 4; lastKnownFileType = sourcecode.c.h; path = Source.h; sourceTree = "<group>"; };
		82AD8A8617FCB9B000859D26 /* Source.m */ = {isa = PBXFileReference; fileEncoding = 4; lastKnownFileType = sourcecode.c.objc; path = Source.m; sourceTree = "<group>"; };
		82DEC4F917E609D9007708D1 /* Text.h */ = {isa = PBXFileReference; fileEncoding = 4; lastKnownFileType = sourcecode.c.h; path = Text.h; sourceTree = "<group>"; };
		82DEC4FA17E609D9007708D1 /* Text.m */ = {isa = PBXFileReference; fileEncoding = 4; lastKnownFileType = sourcecode.c.objc; path = Text.m; sourceTree = "<group>"; };
		82DEC4FC17E609F8007708D1 /* LineBreak.h */ = {isa = PBXFileReference; fileEncoding = 4; lastKnownFileType = sourcecode.c.h; path = LineBreak.h; sourceTree = "<group>"; };
		82DEC4FD17E609F8007708D1 /* LineBreak.m */ = {isa = PBXFileReference; fileEncoding = 4; lastKnownFileType = sourcecode.c.objc; path = LineBreak.m; sourceTree = "<group>"; };
		82DEC50017E975B1007708D1 /* Link.h */ = {isa = PBXFileReference; fileEncoding = 4; lastKnownFileType = sourcecode.c.h; path = Link.h; sourceTree = "<group>"; };
		82DEC50117E975B1007708D1 /* Link.m */ = {isa = PBXFileReference; fileEncoding = 4; lastKnownFileType = sourcecode.c.objc; path = Link.m; sourceTree = "<group>"; };
		82DEC50417EAADF2007708D1 /* Images */ = {isa = PBXFileReference; lastKnownFileType = folder; path = Images; sourceTree = "<group>"; };
		82DEC50617EBF27A007708D1 /* Heading.h */ = {isa = PBXFileReference; fileEncoding = 4; lastKnownFileType = sourcecode.c.h; path = Heading.h; sourceTree = "<group>"; };
		82DEC50717EBF27A007708D1 /* Heading.m */ = {isa = PBXFileReference; fileEncoding = 4; lastKnownFileType = sourcecode.c.objc; path = Heading.m; sourceTree = "<group>"; };
		82DEC50917EBF73A007708D1 /* Section.h */ = {isa = PBXFileReference; fileEncoding = 4; lastKnownFileType = sourcecode.c.h; path = Section.h; sourceTree = "<group>"; };
		82DEC50A17EBF73A007708D1 /* Section.m */ = {isa = PBXFileReference; fileEncoding = 4; lastKnownFileType = sourcecode.c.objc; path = Section.m; sourceTree = "<group>"; };
		82DEC50D17EBF7A9007708D1 /* TableOfContent.h */ = {isa = PBXFileReference; fileEncoding = 4; lastKnownFileType = sourcecode.c.h; path = TableOfContent.h; sourceTree = "<group>"; };
		82DEC50E17EBF7A9007708D1 /* TableOfContent.m */ = {isa = PBXFileReference; fileEncoding = 4; lastKnownFileType = sourcecode.c.objc; path = TableOfContent.m; sourceTree = "<group>"; };
		82DEC51017EDDB36007708D1 /* UnorderedList.h */ = {isa = PBXFileReference; fileEncoding = 4; lastKnownFileType = sourcecode.c.h; path = UnorderedList.h; sourceTree = "<group>"; };
		82DEC51117EDDB36007708D1 /* UnorderedList.m */ = {isa = PBXFileReference; fileEncoding = 4; lastKnownFileType = sourcecode.c.objc; path = UnorderedList.m; sourceTree = "<group>"; };
		82DEC51317EDDB4B007708D1 /* OrderedList.h */ = {isa = PBXFileReference; fileEncoding = 4; lastKnownFileType = sourcecode.c.h; path = OrderedList.h; sourceTree = "<group>"; };
		82DEC51417EDDB4B007708D1 /* OrderedList.m */ = {isa = PBXFileReference; fileEncoding = 4; lastKnownFileType = sourcecode.c.objc; path = OrderedList.m; sourceTree = "<group>"; };
		82DEC51617EDDB5C007708D1 /* ListItem.h */ = {isa = PBXFileReference; fileEncoding = 4; lastKnownFileType = sourcecode.c.h; path = ListItem.h; sourceTree = "<group>"; };
		82DEC51717EDDB5C007708D1 /* ListItem.m */ = {isa = PBXFileReference; fileEncoding = 4; lastKnownFileType = sourcecode.c.objc; path = ListItem.m; sourceTree = "<group>"; };
/* End PBXFileReference section */

/* Begin PBXFrameworksBuildPhase section */
		82080F1F172D0CEE008ABC58 /* Frameworks */ = {
			isa = PBXFrameworksBuildPhase;
			buildActionMask = 2147483647;
			files = (
				82080F26172D0CEE008ABC58 /* Cocoa.framework in Frameworks */,
			);
			runOnlyForDeploymentPostprocessing = 0;
		};
		82080F3E172D0CEF008ABC58 /* Frameworks */ = {
			isa = PBXFrameworksBuildPhase;
			buildActionMask = 2147483647;
			files = (
				82080F44172D0CEF008ABC58 /* SenTestingKit.framework in Frameworks */,
				82080F45172D0CEF008ABC58 /* Cocoa.framework in Frameworks */,
			);
			runOnlyForDeploymentPostprocessing = 0;
		};
/* End PBXFrameworksBuildPhase section */

/* Begin PBXGroup section */
		82080F19172D0CEE008ABC58 = {
			isa = PBXGroup;
			children = (
				82080F2B172D0CEE008ABC58 /* BlockML */,
				82080F48172D0CEF008ABC58 /* BlockMLTests */,
				82080F24172D0CEE008ABC58 /* Frameworks */,
				82080F23172D0CEE008ABC58 /* Products */,
				82080F5D172D0E45008ABC58 /* Resources */,
			);
			sourceTree = "<group>";
		};
		82080F23172D0CEE008ABC58 /* Products */ = {
			isa = PBXGroup;
			children = (
				82080F22172D0CEE008ABC58 /* BlockMLLight.app */,
				82080F42172D0CEF008ABC58 /* BlockMLLightTests.octest */,
			);
			name = Products;
			sourceTree = "<group>";
		};
		82080F24172D0CEE008ABC58 /* Frameworks */ = {
			isa = PBXGroup;
			children = (
				82080F25172D0CEE008ABC58 /* Cocoa.framework */,
				82080F43172D0CEF008ABC58 /* SenTestingKit.framework */,
				82080F27172D0CEE008ABC58 /* Other Frameworks */,
			);
			name = Frameworks;
			sourceTree = "<group>";
		};
		82080F27172D0CEE008ABC58 /* Other Frameworks */ = {
			isa = PBXGroup;
			children = (
				82080F28172D0CEE008ABC58 /* AppKit.framework */,
				82080F29172D0CEE008ABC58 /* CoreData.framework */,
				82080F2A172D0CEE008ABC58 /* Foundation.framework */,
			);
			name = "Other Frameworks";
			sourceTree = "<group>";
		};
		82080F2B172D0CEE008ABC58 /* BlockML */ = {
			isa = PBXGroup;
			children = (
				82080F79172D1DCE008ABC58 /* HTMLTree */,
				82080F6B172D17D7008ABC58 /* Compiler */,
				8208100B172DCCA4008ABC58 /* UI */,
				82080F2C172D0CEE008ABC58 /* Supporting Files */,
			);
			path = BlockML;
			sourceTree = "<group>";
		};
		82080F2C172D0CEE008ABC58 /* Supporting Files */ = {
			isa = PBXGroup;
			children = (
				8208105A17329312008ABC58 /* icon.icns */,
				82080F2D172D0CEE008ABC58 /* BlockMLLight-Info.plist */,
				82080F2E172D0CEE008ABC58 /* InfoPlist.strings */,
				82080F31172D0CEE008ABC58 /* main.m */,
				82080F33172D0CEE008ABC58 /* BlockMLLight-Prefix.pch */,
				82080F34172D0CEE008ABC58 /* Credits.rtf */,
			);
			name = "Supporting Files";
			sourceTree = "<group>";
		};
		82080F48172D0CEF008ABC58 /* BlockMLTests */ = {
			isa = PBXGroup;
			children = (
				82080F4E172D0CEF008ABC58 /* BlockMLTests.h */,
				82080F4F172D0CEF008ABC58 /* BlockMLTests.m */,
				82080F49172D0CEF008ABC58 /* Supporting Files */,
			);
			path = BlockMLTests;
			sourceTree = "<group>";
		};
		82080F49172D0CEF008ABC58 /* Supporting Files */ = {
			isa = PBXGroup;
			children = (
				82080F4A172D0CEF008ABC58 /* BlockMLLightTests-Info.plist */,
				82080F4B172D0CEF008ABC58 /* InfoPlist.strings */,
			);
			name = "Supporting Files";
			sourceTree = "<group>";
		};
		82080F5D172D0E45008ABC58 /* Resources */ = {
			isa = PBXGroup;
			children = (
				82DEC50417EAADF2007708D1 /* Images */,
				82080F69172D0FFB008ABC58 /* CSS */,
				82080F60172D0E67008ABC58 /* highlight.js */,
				82080F5E172D0E54008ABC58 /* MathJax */,
			);
			path = Resources;
			sourceTree = "<group>";
		};
		82080F6B172D17D7008ABC58 /* Compiler */ = {
			isa = PBXGroup;
			children = (
				82080F6C172D1C1F008ABC58 /* TokenType.h */,
				82080F6D172D1C1F008ABC58 /* Token.h */,
				82080F6E172D1C1F008ABC58 /* Token.m */,
				82080F6F172D1C1F008ABC58 /* Scanner.h */,
				82080F70172D1C1F008ABC58 /* Scanner.m */,
				82080F71172D1C1F008ABC58 /* Parser.h */,
				82080F72172D1C1F008ABC58 /* Parser.m */,
			);
			name = Compiler;
			sourceTree = "<group>";
		};
		82080F79172D1DCE008ABC58 /* HTMLTree */ = {
			isa = PBXGroup;
			children = (
				8215C33117E0046D00ABB0E6 /* HTMLStringBuilder.h */,
				8215C33217E0046D00ABB0E6 /* HTMLStringBuilder.m */,
				8215C33417E004B900ABB0E6 /* HTMLElement.h */,
				8215C33517E004B900ABB0E6 /* HTMLElement.m */,
				8215C33717E004CD00ABB0E6 /* HTMLDocument.h */,
				8215C33817E004CD00ABB0E6 /* HTMLDocument.m */,
				8215C33A17E2594F00ABB0E6 /* HTMLElements */,
			);
			name = HTMLTree;
			sourceTree = "<group>";
		};
		8208100B172DCCA4008ABC58 /* UI */ = {
			isa = PBXGroup;
			children = (
				82080F37172D0CEE008ABC58 /* AppDelegate.h */,
				82080F38172D0CEE008ABC58 /* AppDelegate.m */,
				82080F3A172D0CEE008ABC58 /* MainMenu.xib */,
				8208100C172DCD1F008ABC58 /* DropView.h */,
				8208100D172DCD1F008ABC58 /* DropView.m */,
			);
			name = UI;
			sourceTree = "<group>";
		};
		8214B0EF17EFFEA400DF4061 /* Error */ = {
			isa = PBXGroup;
			children = (
				8214B0EC17EFFE9D00DF4061 /* Error.h */,
				8214B0ED17EFFE9D00DF4061 /* Error.m */,
			);
			name = Error;
			sourceTree = "<group>";
		};
		8215C33A17E2594F00ABB0E6 /* HTMLElements */ = {
			isa = PBXGroup;
			children = (
				8215C34417E36EFC00ABB0E6 /* HTMLTree.h */,
				82DEC4FF17E77DA0007708D1 /* Text */,
				82DEC50C17EBF747007708D1 /* Section + TOC */,
				82DEC51917EDDB6B007708D1 /* Lists */,
				82AD8A8117FC654100859D26 /* Image */,
				8214B0EF17EFFEA400DF4061 /* Error */,
				82AD8A6217F493F300859D26 /* Code */,
				82AD8A6C17F7869C00859D26 /* Caption + ID */,
				82AD8A7D17FC650100859D26 /* Bibliography */,
				82AD8A8817FCB9B500859D26 /* Quote */,
				82DEC50017E975B1007708D1 /* Link.h */,
				82DEC50117E975B1007708D1 /* Link.m */,
				8214B0E917EFED6100DF4061 /* Span.h */,
				8214B0EA17EFED6100DF4061 /* Span.m */,
			);
			name = HTMLElements;
			sourceTree = "<group>";
		};
		82AD8A6217F493F300859D26 /* Code */ = {
			isa = PBXGroup;
			children = (
				82AD8A6317F4941700859D26 /* InlineCode.h */,
				82AD8A6417F4941700859D26 /* InlineCode.m */,
				82AD8A6617F4CC2200859D26 /* Code.h */,
				82AD8A6717F4CC2200859D26 /* Code.m */,
			);
			name = Code;
			sourceTree = "<group>";
		};
		82AD8A6C17F7869C00859D26 /* Caption + ID */ = {
			isa = PBXGroup;
			children = (
				82AD8A7017F788E100859D26 /* Caption.h */,
				82AD8A7117F788E100859D26 /* Caption.m */,
				82AD8A7317F884F100859D26 /* Identifier.h */,
				82AD8A7417F884F100859D26 /* Identifier.m */,
				82AD8A7C17F9C6F300859D26 /* Storage */,
			);
			name = "Caption + ID";
			sourceTree = "<group>";
		};
		82AD8A7C17F9C6F300859D26 /* Storage */ = {
			isa = PBXGroup;
			children = (
				82AD8A7617F9C5E900859D26 /* Captions.h */,
				82AD8A7717F9C5E900859D26 /* Captions.m */,
				82AD8A7917F9C6E700859D26 /* CaptionStore.h */,
				82AD8A7A17F9C6E700859D26 /* CaptionStore.m */,
			);
			name = Storage;
			sourceTree = "<group>";
		};
		82AD8A7D17FC650100859D26 /* Bibliography */ = {
			isa = PBXGroup;
			children = (
				82AD8A7E17FC651A00859D26 /* Bibliography.h */,
				82AD8A7F17FC651A00859D26 /* Bibliography.m */,
			);
			name = Bibliography;
			sourceTree = "<group>";
		};
		82AD8A8117FC654100859D26 /* Image */ = {
			isa = PBXGroup;
			children = (
				82AD8A6917F5F4D600859D26 /* Image.h */,
				82AD8A6A17F5F4D600859D26 /* Image.m */,
			);
			name = Image;
			sourceTree = "<group>";
		};
		82AD8A8817FCB9B500859D26 /* Quote */ = {
			isa = PBXGroup;
			children = (
				82AD8A8217FCB99B00859D26 /* Quote.h */,
				82AD8A8317FCB99B00859D26 /* Quote.m */,
				82AD8A8517FCB9B000859D26 /* Source.h */,
				82AD8A8617FCB9B000859D26 /* Source.m */,
			);
			name = Quote;
			sourceTree = "<group>";
		};
		82DEC4FF17E77DA0007708D1 /* Text */ = {
			isa = PBXGroup;
			children = (
				8215C33E17E3648D00ABB0E6 /* Paragraph.h */,
				8215C33F17E3648D00ABB0E6 /* Paragraph.m */,
				82DEC4F917E609D9007708D1 /* Text.h */,
				82DEC4FA17E609D9007708D1 /* Text.m */,
				82DEC4FC17E609F8007708D1 /* LineBreak.h */,
				82DEC4FD17E609F8007708D1 /* LineBreak.m */,
			);
			name = Text;
			sourceTree = "<group>";
		};
		82DEC50C17EBF747007708D1 /* Section + TOC */ = {
			isa = PBXGroup;
			children = (
				82DEC50617EBF27A007708D1 /* Heading.h */,
				82DEC50717EBF27A007708D1 /* Heading.m */,
				82DEC50917EBF73A007708D1 /* Section.h */,
				82DEC50A17EBF73A007708D1 /* Section.m */,
				82DEC50D17EBF7A9007708D1 /* TableOfContent.h */,
				82DEC50E17EBF7A9007708D1 /* TableOfContent.m */,
			);
			name = "Section + TOC";
			sourceTree = "<group>";
		};
		82DEC51917EDDB6B007708D1 /* Lists */ = {
			isa = PBXGroup;
			children = (
				82DEC51017EDDB36007708D1 /* UnorderedList.h */,
				82DEC51117EDDB36007708D1 /* UnorderedList.m */,
				82DEC51317EDDB4B007708D1 /* OrderedList.h */,
				82DEC51417EDDB4B007708D1 /* OrderedList.m */,
				82DEC51617EDDB5C007708D1 /* ListItem.h */,
				82DEC51717EDDB5C007708D1 /* ListItem.m */,
			);
			name = Lists;
			sourceTree = "<group>";
		};
/* End PBXGroup section */

/* Begin PBXNativeTarget section */
		82080F21172D0CEE008ABC58 /* BlockMLLight */ = {
			isa = PBXNativeTarget;
			buildConfigurationList = 82080F53172D0CEF008ABC58 /* Build configuration list for PBXNativeTarget "BlockMLLight" */;
			buildPhases = (
				82080F1E172D0CEE008ABC58 /* Sources */,
				82080F1F172D0CEE008ABC58 /* Frameworks */,
				82080F20172D0CEE008ABC58 /* Resources */,
			);
			buildRules = (
			);
			dependencies = (
			);
			name = BlockMLLight;
			productName = BlockML;
			productReference = 82080F22172D0CEE008ABC58 /* BlockMLLight.app */;
			productType = "com.apple.product-type.application";
		};
		82080F41172D0CEF008ABC58 /* BlockMLLightTests */ = {
			isa = PBXNativeTarget;
			buildConfigurationList = 82080F56172D0CEF008ABC58 /* Build configuration list for PBXNativeTarget "BlockMLLightTests" */;
			buildPhases = (
				82080F3D172D0CEF008ABC58 /* Sources */,
				82080F3E172D0CEF008ABC58 /* Frameworks */,
				82080F3F172D0CEF008ABC58 /* Resources */,
				82080F40172D0CEF008ABC58 /* ShellScript */,
			);
			buildRules = (
			);
			dependencies = (
				82080F47172D0CEF008ABC58 /* PBXTargetDependency */,
			);
			name = BlockMLLightTests;
			productName = BlockMLTests;
			productReference = 82080F42172D0CEF008ABC58 /* BlockMLLightTests.octest */;
			productType = "com.apple.product-type.bundle";
		};
/* End PBXNativeTarget section */

/* Begin PBXProject section */
		82080F1A172D0CEE008ABC58 /* Project object */ = {
			isa = PBXProject;
			attributes = {
				LastUpgradeCheck = 0500;
				ORGANIZATIONNAME = Lindemann;
			};
			buildConfigurationList = 82080F1D172D0CEE008ABC58 /* Build configuration list for PBXProject "BlockMLLight" */;
			compatibilityVersion = "Xcode 3.2";
			developmentRegion = English;
			hasScannedForEncodings = 0;
			knownRegions = (
				en,
			);
			mainGroup = 82080F19172D0CEE008ABC58;
			productRefGroup = 82080F23172D0CEE008ABC58 /* Products */;
			projectDirPath = "";
			projectRoot = "";
			targets = (
				82080F21172D0CEE008ABC58 /* BlockMLLight */,
				82080F41172D0CEF008ABC58 /* BlockMLLightTests */,
			);
		};
/* End PBXProject section */

/* Begin PBXResourcesBuildPhase section */
		82080F20172D0CEE008ABC58 /* Resources */ = {
			isa = PBXResourcesBuildPhase;
			buildActionMask = 2147483647;
			files = (
				82080F30172D0CEE008ABC58 /* InfoPlist.strings in Resources */,
				82080F36172D0CEE008ABC58 /* Credits.rtf in Resources */,
				82080F3C172D0CEE008ABC58 /* MainMenu.xib in Resources */,
				82080F5F172D0E54008ABC58 /* MathJax in Resources */,
				82DEC50517EAADF2007708D1 /* Images in Resources */,
				82080F61172D0E67008ABC58 /* highlight.js in Resources */,
				82080F6A172D0FFB008ABC58 /* CSS in Resources */,
				8208105B17329313008ABC58 /* icon.icns in Resources */,
			);
			runOnlyForDeploymentPostprocessing = 0;
		};
		82080F3F172D0CEF008ABC58 /* Resources */ = {
			isa = PBXResourcesBuildPhase;
			buildActionMask = 2147483647;
			files = (
				82080F4D172D0CEF008ABC58 /* InfoPlist.strings in Resources */,
			);
			runOnlyForDeploymentPostprocessing = 0;
		};
/* End PBXResourcesBuildPhase section */

/* Begin PBXShellScriptBuildPhase section */
		82080F40172D0CEF008ABC58 /* ShellScript */ = {
			isa = PBXShellScriptBuildPhase;
			buildActionMask = 2147483647;
			files = (
			);
			inputPaths = (
			);
			outputPaths = (
			);
			runOnlyForDeploymentPostprocessing = 0;
			shellPath = /bin/sh;
			shellScript = "# Run the unit tests in this test bundle.\n\"${SYSTEM_DEVELOPER_DIR}/Tools/RunUnitTests\"\n";
		};
/* End PBXShellScriptBuildPhase section */

/* Begin PBXSourcesBuildPhase section */
		82080F1E172D0CEE008ABC58 /* Sources */ = {
			isa = PBXSourcesBuildPhase;
			buildActionMask = 2147483647;
			files = (
				8214B0EE17EFFE9D00DF4061 /* Error.m in Sources */,
				82DEC50217E975B1007708D1 /* Link.m in Sources */,
				82AD8A7817F9C5E900859D26 /* Captions.m in Sources */,
				82DEC4FB17E609D9007708D1 /* Text.m in Sources */,
				82DEC51217EDDB36007708D1 /* UnorderedList.m in Sources */,
				8215C33917E004CD00ABB0E6 /* HTMLDocument.m in Sources */,
				82DEC50F17EBF7A9007708D1 /* TableOfContent.m in Sources */,
				82AD8A8717FCB9B000859D26 /* Source.m in Sources */,
				82080F32172D0CEE008ABC58 /* main.m in Sources */,
				8215C34017E3648D00ABB0E6 /* Paragraph.m in Sources */,
				82AD8A7517F884F100859D26 /* Identifier.m in Sources */,
				82AD8A7217F788E100859D26 /* Caption.m in Sources */,
				82080F39172D0CEE008ABC58 /* AppDelegate.m in Sources */,
				82080F73172D1C1F008ABC58 /* Token.m in Sources */,
				82DEC51817EDDB5C007708D1 /* ListItem.m in Sources */,
				82AD8A6817F4CC2200859D26 /* Code.m in Sources */,
				8215C33317E0046D00ABB0E6 /* HTMLStringBuilder.m in Sources */,
				82DEC4FE17E609F8007708D1 /* LineBreak.m in Sources */,
				82080F75172D1C1F008ABC58 /* Scanner.m in Sources */,
				82AD8A8417FCB99B00859D26 /* Quote.m in Sources */,
				82080F77172D1C1F008ABC58 /* Parser.m in Sources */,
				82AD8A6517F4941700859D26 /* InlineCode.m in Sources */,
				82DEC50B17EBF73A007708D1 /* Section.m in Sources */,
				8214B0EB17EFED6100DF4061 /* Span.m in Sources */,
				8208100E172DCD1F008ABC58 /* DropView.m in Sources */,
				82DEC51517EDDB4B007708D1 /* OrderedList.m in Sources */,
				82AD8A8017FC651A00859D26 /* Bibliography.m in Sources */,
				82AD8A6B17F5F4D600859D26 /* Image.m in Sources */,
				82DEC50817EBF27A007708D1 /* Heading.m in Sources */,
				82AD8A7B17F9C6E700859D26 /* CaptionStore.m in Sources */,
				8215C33617E004B900ABB0E6 /* HTMLElement.m in Sources */,
			);
			runOnlyForDeploymentPostprocessing = 0;
		};
		82080F3D172D0CEF008ABC58 /* Sources */ = {
			isa = PBXSourcesBuildPhase;
			buildActionMask = 2147483647;
			files = (
				82080F50172D0CEF008ABC58 /* BlockMLTests.m in Sources */,
				82080F74172D1C1F008ABC58 /* Token.m in Sources */,
				82080F76172D1C1F008ABC58 /* Scanner.m in Sources */,
				82080F78172D1C1F008ABC58 /* Parser.m in Sources */,
				8208100F172DCD1F008ABC58 /* DropView.m in Sources */,
			);
			runOnlyForDeploymentPostprocessing = 0;
		};
/* End PBXSourcesBuildPhase section */

/* Begin PBXTargetDependency section */
		82080F47172D0CEF008ABC58 /* PBXTargetDependency */ = {
			isa = PBXTargetDependency;
			target = 82080F21172D0CEE008ABC58 /* BlockMLLight */;
			targetProxy = 82080F46172D0CEF008ABC58 /* PBXContainerItemProxy */;
		};
/* End PBXTargetDependency section */

/* Begin PBXVariantGroup section */
		82080F2E172D0CEE008ABC58 /* InfoPlist.strings */ = {
			isa = PBXVariantGroup;
			children = (
				82080F2F172D0CEE008ABC58 /* en */,
			);
			name = InfoPlist.strings;
			sourceTree = "<group>";
		};
		82080F34172D0CEE008ABC58 /* Credits.rtf */ = {
			isa = PBXVariantGroup;
			children = (
				82080F35172D0CEE008ABC58 /* en */,
			);
			name = Credits.rtf;
			sourceTree = "<group>";
		};
		82080F3A172D0CEE008ABC58 /* MainMenu.xib */ = {
			isa = PBXVariantGroup;
			children = (
				82080F3B172D0CEE008ABC58 /* en */,
			);
			name = MainMenu.xib;
			sourceTree = "<group>";
		};
		82080F4B172D0CEF008ABC58 /* InfoPlist.strings */ = {
			isa = PBXVariantGroup;
			children = (
				82080F4C172D0CEF008ABC58 /* en */,
			);
			name = InfoPlist.strings;
			sourceTree = "<group>";
		};
/* End PBXVariantGroup section */

/* Begin XCBuildConfiguration section */
		82080F51172D0CEF008ABC58 /* Debug */ = {
			isa = XCBuildConfiguration;
			buildSettings = {
				ALWAYS_SEARCH_USER_PATHS = NO;
				CLANG_CXX_LANGUAGE_STANDARD = "gnu++0x";
				CLANG_CXX_LIBRARY = "libc++";
				CLANG_ENABLE_OBJC_ARC = YES;
				CLANG_WARN_CONSTANT_CONVERSION = YES;
				CLANG_WARN_EMPTY_BODY = YES;
				CLANG_WARN_ENUM_CONVERSION = YES;
				CLANG_WARN_INT_CONVERSION = YES;
				CLANG_WARN__DUPLICATE_METHOD_MATCH = YES;
				COPY_PHASE_STRIP = NO;
				GCC_C_LANGUAGE_STANDARD = gnu99;
				GCC_DYNAMIC_NO_PIC = NO;
				GCC_ENABLE_OBJC_EXCEPTIONS = YES;
				GCC_OPTIMIZATION_LEVEL = 0;
				GCC_PREPROCESSOR_DEFINITIONS = (
					"DEBUG=1",
					"$(inherited)",
				);
				GCC_SYMBOLS_PRIVATE_EXTERN = NO;
				GCC_WARN_64_TO_32_BIT_CONVERSION = YES;
				GCC_WARN_ABOUT_RETURN_TYPE = YES;
				GCC_WARN_UNINITIALIZED_AUTOS = YES;
				GCC_WARN_UNUSED_VARIABLE = YES;
				MACOSX_DEPLOYMENT_TARGET = 10.8;
				ONLY_ACTIVE_ARCH = YES;
				SDKROOT = macosx;
			};
			name = Debug;
		};
		82080F52172D0CEF008ABC58 /* Release */ = {
			isa = XCBuildConfiguration;
			buildSettings = {
				ALWAYS_SEARCH_USER_PATHS = NO;
				CLANG_CXX_LANGUAGE_STANDARD = "gnu++0x";
				CLANG_CXX_LIBRARY = "libc++";
				CLANG_ENABLE_OBJC_ARC = YES;
				CLANG_WARN_CONSTANT_CONVERSION = YES;
				CLANG_WARN_EMPTY_BODY = YES;
				CLANG_WARN_ENUM_CONVERSION = YES;
				CLANG_WARN_INT_CONVERSION = YES;
				CLANG_WARN__DUPLICATE_METHOD_MATCH = YES;
				COPY_PHASE_STRIP = YES;
				DEBUG_INFORMATION_FORMAT = "dwarf-with-dsym";
				GCC_C_LANGUAGE_STANDARD = gnu99;
				GCC_ENABLE_OBJC_EXCEPTIONS = YES;
				GCC_WARN_64_TO_32_BIT_CONVERSION = YES;
				GCC_WARN_ABOUT_RETURN_TYPE = YES;
				GCC_WARN_UNINITIALIZED_AUTOS = YES;
				GCC_WARN_UNUSED_VARIABLE = YES;
				MACOSX_DEPLOYMENT_TARGET = 10.8;
				SDKROOT = macosx;
			};
			name = Release;
		};
		82080F54172D0CEF008ABC58 /* Debug */ = {
			isa = XCBuildConfiguration;
			buildSettings = {
				COMBINE_HIDPI_IMAGES = YES;
				GCC_PRECOMPILE_PREFIX_HEADER = YES;
				GCC_PREFIX_HEADER = "BlockML/BlockMLLight-Prefix.pch";
				INFOPLIST_FILE = "BlockML/BlockMLLight-Info.plist";
				PRODUCT_NAME = BlockMLLight;
				WRAPPER_EXTENSION = app;
			};
			name = Debug;
		};
		82080F55172D0CEF008ABC58 /* Release */ = {
			isa = XCBuildConfiguration;
			buildSettings = {
				COMBINE_HIDPI_IMAGES = YES;
				GCC_PRECOMPILE_PREFIX_HEADER = YES;
				GCC_PREFIX_HEADER = "BlockML/BlockMLLight-Prefix.pch";
				INFOPLIST_FILE = "BlockML/BlockMLLight-Info.plist";
				PRODUCT_NAME = BlockMLLight;
				WRAPPER_EXTENSION = app;
			};
			name = Release;
		};
		82080F57172D0CEF008ABC58 /* Debug */ = {
			isa = XCBuildConfiguration;
			buildSettings = {
				BUNDLE_LOADER = "$(BUILT_PRODUCTS_DIR)/BlockML.app/Contents/MacOS/BlockML";
				COMBINE_HIDPI_IMAGES = YES;
				FRAMEWORK_SEARCH_PATHS = "\"$(DEVELOPER_LIBRARY_DIR)/Frameworks\"";
				GCC_PRECOMPILE_PREFIX_HEADER = YES;
				GCC_PREFIX_HEADER = "BlockML/BlockML-Prefix.pch";
				INFOPLIST_FILE = "BlockMLTests/BlockMLLightTests-Info.plist";
				PRODUCT_NAME = BlockMLLightTests;
				TEST_HOST = "$(BUNDLE_LOADER)";
				WRAPPER_EXTENSION = octest;
			};
			name = Debug;
		};
		82080F58172D0CEF008ABC58 /* Release */ = {
			isa = XCBuildConfiguration;
			buildSettings = {
				BUNDLE_LOADER = "$(BUILT_PRODUCTS_DIR)/BlockML.app/Contents/MacOS/BlockML";
				COMBINE_HIDPI_IMAGES = YES;
				FRAMEWORK_SEARCH_PATHS = "\"$(DEVELOPER_LIBRARY_DIR)/Frameworks\"";
				GCC_PRECOMPILE_PREFIX_HEADER = YES;
				GCC_PREFIX_HEADER = "BlockML/BlockML-Prefix.pch";
				INFOPLIST_FILE = "BlockMLTests/BlockMLLightTests-Info.plist";
				PRODUCT_NAME = BlockMLLightTests;
				TEST_HOST = "$(BUNDLE_LOADER)";
				WRAPPER_EXTENSION = octest;
			};
			name = Release;
		};
/* End XCBuildConfiguration section */

/* Begin XCConfigurationList section */
		82080F1D172D0CEE008ABC58 /* Build configuration list for PBXProject "BlockMLLight" */ = {
			isa = XCConfigurationList;
			buildConfigurations = (
				82080F51172D0CEF008ABC58 /* Debug */,
				82080F52172D0CEF008ABC58 /* Release */,
			);
			defaultConfigurationIsVisible = 0;
			defaultConfigurationName = Release;
		};
		82080F53172D0CEF008ABC58 /* Build configuration list for PBXNativeTarget "BlockMLLight" */ = {
			isa = XCConfigurationList;
			buildConfigurations = (
				82080F54172D0CEF008ABC58 /* Debug */,
				82080F55172D0CEF008ABC58 /* Release */,
			);
			defaultConfigurationIsVisible = 0;
			defaultConfigurationName = Release;
		};
		82080F56172D0CEF008ABC58 /* Build configuration list for PBXNativeTarget "BlockMLLightTests" */ = {
			isa = XCConfigurationList;
			buildConfigurations = (
				82080F57172D0CEF008ABC58 /* Debug */,
				82080F58172D0CEF008ABC58 /* Release */,
			);
			defaultConfigurationIsVisible = 0;
			defaultConfigurationName = Release;
		};
/* End XCConfigurationList section */
	};
	rootObject = 82080F1A172D0CEE008ABC58 /* Project object */;
}
